# THIS IS AN AUTOGENERATED FILE. DO NOT EDIT THIS FILE DIRECTLY.
# yarn lockfile v1


"@radix-ui/primitive@1.1.0":
  version "1.1.0"
  resolved "https://registry.yarnpkg.com/@radix-ui/primitive/-/primitive-1.1.0.tgz#42ef83b3b56dccad5d703ae8c42919a68798bbe2"
  integrity sha512-4Z8dn6Upk0qk4P74xBhZ6Hd/w0mPEzOOLxy4xiPXOXqjF7jZS0VAKk7/x/H6FyY2zCkYJqePf1G5KmkmNJ4RBA==

"@radix-ui/react-compose-refs@1.1.0":
  version "1.1.0"
  resolved "https://registry.yarnpkg.com/@radix-ui/react-compose-refs/-/react-compose-refs-1.1.0.tgz#656432461fc8283d7b591dcf0d79152fae9ecc74"
  integrity sha512-b4inOtiaOnYf9KWyO3jAeeCG6FeyfY6ldiEPanbUjWd+xIk5wZeHa8yVwmrJ2vderhu/BQvzCrJI0lHd+wIiqw==

"@radix-ui/react-context@1.1.1":
  version "1.1.1"
  resolved "https://registry.yarnpkg.com/@radix-ui/react-context/-/react-context-1.1.1.tgz#82074aa83a472353bb22e86f11bcbd1c61c4c71a"
  integrity sha512-UASk9zi+crv9WteK/NU4PLvOoL3OuE6BWVKNF6hPRBtYBDXQ2u5iu3O59zUlJiTVvkyuycnqrztsHVJwcK9K+Q==

"@radix-ui/react-dialog@^1.1.2":
  version "1.1.2"
  resolved "https://registry.yarnpkg.com/@radix-ui/react-dialog/-/react-dialog-1.1.2.tgz#d9345575211d6f2d13e209e84aec9a8584b54d6c"
  integrity sha512-Yj4dZtqa2o+kG61fzB0H2qUvmwBA2oyQroGLyNtBj1beo1khoQ3q1a2AO8rrQYjd8256CO9+N8L9tvsS+bnIyA==
  dependencies:
    "@radix-ui/primitive" "1.1.0"
    "@radix-ui/react-compose-refs" "1.1.0"
    "@radix-ui/react-context" "1.1.1"
    "@radix-ui/react-dismissable-layer" "1.1.1"
    "@radix-ui/react-focus-guards" "1.1.1"
    "@radix-ui/react-focus-scope" "1.1.0"
    "@radix-ui/react-id" "1.1.0"
    "@radix-ui/react-portal" "1.1.2"
    "@radix-ui/react-presence" "1.1.1"
    "@radix-ui/react-primitive" "2.0.0"
    "@radix-ui/react-slot" "1.1.0"
    "@radix-ui/react-use-controllable-state" "1.1.0"
    aria-hidden "^1.1.1"
    react-remove-scroll "2.6.0"

"@radix-ui/react-dismissable-layer@1.1.1":
  version "1.1.1"
  resolved "https://registry.yarnpkg.com/@radix-ui/react-dismissable-layer/-/react-dismissable-layer-1.1.1.tgz#cbdcb739c5403382bdde5f9243042ba643883396"
  integrity sha512-QSxg29lfr/xcev6kSz7MAlmDnzbP1eI/Dwn3Tp1ip0KT5CUELsxkekFEMVBEoykI3oV39hKT4TKZzBNMbcTZYQ==
  dependencies:
    "@radix-ui/primitive" "1.1.0"
    "@radix-ui/react-compose-refs" "1.1.0"
    "@radix-ui/react-primitive" "2.0.0"
    "@radix-ui/react-use-callback-ref" "1.1.0"
    "@radix-ui/react-use-escape-keydown" "1.1.0"

"@radix-ui/react-focus-guards@1.1.1":
  version "1.1.1"
  resolved "https://registry.yarnpkg.com/@radix-ui/react-focus-guards/-/react-focus-guards-1.1.1.tgz#8635edd346304f8b42cae86b05912b61aef27afe"
  integrity sha512-pSIwfrT1a6sIoDASCSpFwOasEwKTZWDw/iBdtnqKO7v6FeOzYJ7U53cPzYFVR3geGGXgVHaH+CdngrrAzqUGxg==

"@radix-ui/react-focus-scope@1.1.0":
  version "1.1.0"
  resolved "https://registry.yarnpkg.com/@radix-ui/react-focus-scope/-/react-focus-scope-1.1.0.tgz#ebe2891a298e0a33ad34daab2aad8dea31caf0b2"
  integrity sha512-200UD8zylvEyL8Bx+z76RJnASR2gRMuxlgFCPAe/Q/679a/r0eK3MBVYMb7vZODZcffZBdob1EGnky78xmVvcA==
  dependencies:
    "@radix-ui/react-compose-refs" "1.1.0"
    "@radix-ui/react-primitive" "2.0.0"
    "@radix-ui/react-use-callback-ref" "1.1.0"

"@radix-ui/react-id@1.1.0":
  version "1.1.0"
  resolved "https://registry.yarnpkg.com/@radix-ui/react-id/-/react-id-1.1.0.tgz#de47339656594ad722eb87f94a6b25f9cffae0ed"
  integrity sha512-EJUrI8yYh7WOjNOqpoJaf1jlFIH2LvtgAl+YcFqNCa+4hj64ZXmPkAKOFs/ukjz3byN6bdb/AVUqHkI8/uWWMA==
  dependencies:
    "@radix-ui/react-use-layout-effect" "1.1.0"

"@radix-ui/react-portal@1.1.2":
  version "1.1.2"
  resolved "https://registry.yarnpkg.com/@radix-ui/react-portal/-/react-portal-1.1.2.tgz#51eb46dae7505074b306ebcb985bf65cc547d74e"
  integrity sha512-WeDYLGPxJb/5EGBoedyJbT0MpoULmwnIPMJMSldkuiMsBAv7N1cRdsTWZWht9vpPOiN3qyiGAtbK2is47/uMFg==
  dependencies:
    "@radix-ui/react-primitive" "2.0.0"
    "@radix-ui/react-use-layout-effect" "1.1.0"

"@radix-ui/react-presence@1.1.1":
  version "1.1.1"
  resolved "https://registry.yarnpkg.com/@radix-ui/react-presence/-/react-presence-1.1.1.tgz#98aba423dba5e0c687a782c0669dcd99de17f9b1"
  integrity sha512-IeFXVi4YS1K0wVZzXNrbaaUvIJ3qdY+/Ih4eHFhWA9SwGR9UDX7Ck8abvL57C4cv3wwMvUE0OG69Qc3NCcTe/A==
  dependencies:
    "@radix-ui/react-compose-refs" "1.1.0"
    "@radix-ui/react-use-layout-effect" "1.1.0"

"@radix-ui/react-primitive@2.0.0":
  version "2.0.0"
  resolved "https://registry.yarnpkg.com/@radix-ui/react-primitive/-/react-primitive-2.0.0.tgz#fe05715faa9203a223ccc0be15dc44b9f9822884"
  integrity sha512-ZSpFm0/uHa8zTvKBDjLFWLo8dkr4MBsiDLz0g3gMUwqgLHz9rTaRRGYDgvZPtBJgYCBKXkS9fzmoySgr8CO6Cw==
  dependencies:
    "@radix-ui/react-slot" "1.1.0"

"@radix-ui/react-slot@1.1.0":
  version "1.1.0"
  resolved "https://registry.yarnpkg.com/@radix-ui/react-slot/-/react-slot-1.1.0.tgz#7c5e48c36ef5496d97b08f1357bb26ed7c714b84"
  integrity sha512-FUCf5XMfmW4dtYl69pdS4DbxKy8nj4M7SafBgPllysxmdachynNflAdp/gCsnYWNDnge6tI9onzMp5ARYc1KNw==
  dependencies:
    "@radix-ui/react-compose-refs" "1.1.0"

"@radix-ui/react-use-callback-ref@1.1.0":
  version "1.1.0"
  resolved "https://registry.yarnpkg.com/@radix-ui/react-use-callback-ref/-/react-use-callback-ref-1.1.0.tgz#bce938ca413675bc937944b0d01ef6f4a6dc5bf1"
  integrity sha512-CasTfvsy+frcFkbXtSJ2Zu9JHpN8TYKxkgJGWbjiZhFivxaeW7rMeZt7QELGVLaYVfFMsKHjb7Ak0nMEe+2Vfw==

"@radix-ui/react-use-controllable-state@1.1.0":
  version "1.1.0"
  resolved "https://registry.yarnpkg.com/@radix-ui/react-use-controllable-state/-/react-use-controllable-state-1.1.0.tgz#1321446857bb786917df54c0d4d084877aab04b0"
  integrity sha512-MtfMVJiSr2NjzS0Aa90NPTnvTSg6C/JLCV7ma0W6+OMV78vd8OyRpID+Ng9LxzsPbLeuBnWBA1Nq30AtBIDChw==
  dependencies:
    "@radix-ui/react-use-callback-ref" "1.1.0"

"@radix-ui/react-use-escape-keydown@1.1.0":
  version "1.1.0"
  resolved "https://registry.yarnpkg.com/@radix-ui/react-use-escape-keydown/-/react-use-escape-keydown-1.1.0.tgz#31a5b87c3b726504b74e05dac1edce7437b98754"
  integrity sha512-L7vwWlR1kTTQ3oh7g1O0CBF3YCyyTj8NmhLR+phShpyA50HCfBFKVJTpshm9PzLiKmehsrQzTYTpX9HvmC9rhw==
  dependencies:
    "@radix-ui/react-use-callback-ref" "1.1.0"

"@radix-ui/react-use-layout-effect@1.1.0":
  version "1.1.0"
  resolved "https://registry.yarnpkg.com/@radix-ui/react-use-layout-effect/-/react-use-layout-effect-1.1.0.tgz#3c2c8ce04827b26a39e442ff4888d9212268bd27"
  integrity sha512-+FPE0rOdziWSrH9athwI1R0HDVbWlEhd+FR+aSDk4uWGmSJ9Z54sdZVDQPZAinJhJXwfT+qnj969mCsT2gfm5w==

aria-hidden@^1.1.1:
  version "1.2.4"
  resolved "https://registry.yarnpkg.com/aria-hidden/-/aria-hidden-1.2.4.tgz#b78e383fdbc04d05762c78b4a25a501e736c4522"
  integrity sha512-y+CcFFwelSXpLZk/7fMB2mUbGtX9lKycf1MWJ7CaTIERyitVlyQx6C+sxcROU2BAJ24OiZyK+8wj2i8AlBoS3A==
  dependencies:
    tslib "^2.0.0"

detect-node-es@^1.1.0:
  version "1.1.0"
  resolved "https://registry.yarnpkg.com/detect-node-es/-/detect-node-es-1.1.0.tgz#163acdf643330caa0b4cd7c21e7ee7755d6fa493"
  integrity sha512-ypdmJU/TbBby2Dxibuv7ZLW3Bs1QEmM7nHjEANfohJLvE0XVujisn1qPJcZxg+qDucsr+bP6fLD1rPS3AhJ7EQ==

get-nonce@^1.0.0:
  version "1.0.1"
  resolved "https://registry.yarnpkg.com/get-nonce/-/get-nonce-1.0.1.tgz#fdf3f0278073820d2ce9426c18f07481b1e0cdf3"
  integrity sha512-FJhYRoDaiatfEkUK8HKlicmu/3SGFD51q3itKDGoSTysQJBnfOcxU5GxnhE1E6soB76MbT0MBtnKJuXyAx+96Q==

invariant@^2.2.4:
  version "2.2.4"
  resolved "https://registry.yarnpkg.com/invariant/-/invariant-2.2.4.tgz#610f3c92c9359ce1db616e538008d23ff35158e6"
  integrity sha512-phJfQVBuaJM5raOpJjSfkiD6BpbCE4Ns//LaXl6wGYtUBY83nWS6Rf9tXm2e8VaK60JEjYldbPif/A2B1C2gNA==
  dependencies:
    loose-envify "^1.0.0"

"js-tokens@^3.0.0 || ^4.0.0":
  version "4.0.0"
  resolved "https://registry.yarnpkg.com/js-tokens/-/js-tokens-4.0.0.tgz#19203fb59991df98e3a287050d4647cdeaf32499"
  integrity sha512-RdJUflcE3cUzKiMqQgsCu06FPu9UdIJO0beYbPhHN4k6apgJtifcoCtT9bcxOpYBtpD2kCM6Sbzg4CausW/PKQ==

loose-envify@^1.0.0:
  version "1.4.0"
  resolved "https://registry.yarnpkg.com/loose-envify/-/loose-envify-1.4.0.tgz#71ee51fa7be4caec1a63839f7e682d8132d30caf"
  integrity sha512-lyuxPGr/Wfhrlem2CL/UcnUc1zcqKAImBDzukY7Y5F/yQiNdko6+fRLevlw1HgMySw7f611UIY408EtxRSoK3Q==
  dependencies:
    js-tokens "^3.0.0 || ^4.0.0"

react-remove-scroll-bar@^2.3.6:
  version "2.3.6"
  resolved "https://registry.yarnpkg.com/react-remove-scroll-bar/-/react-remove-scroll-bar-2.3.6.tgz#3e585e9d163be84a010180b18721e851ac81a29c"
  integrity sha512-DtSYaao4mBmX+HDo5YWYdBWQwYIQQshUV/dVxFxK+KM26Wjwp1gZ6rv6OC3oujI6Bfu6Xyg3TwK533AQutsn/g==
  dependencies:
    react-style-singleton "^2.2.1"
    tslib "^2.0.0"

react-remove-scroll@2.6.0:
  version "2.6.0"
  resolved "https://registry.yarnpkg.com/react-remove-scroll/-/react-remove-scroll-2.6.0.tgz#fb03a0845d7768a4f1519a99fdb84983b793dc07"
  integrity sha512-I2U4JVEsQenxDAKaVa3VZ/JeJZe0/2DxPWL8Tj8yLKctQJQiZM52pn/GWFpSp8dftjM3pSAHVJZscAnC/y+ySQ==
  dependencies:
    react-remove-scroll-bar "^2.3.6"
    react-style-singleton "^2.2.1"
    tslib "^2.1.0"
    use-callback-ref "^1.3.0"
    use-sidecar "^1.1.2"

react-style-singleton@^2.2.1:
  version "2.2.1"
  resolved "https://registry.yarnpkg.com/react-style-singleton/-/react-style-singleton-2.2.1.tgz#f99e420492b2d8f34d38308ff660b60d0b1205b4"
  integrity sha512-ZWj0fHEMyWkHzKYUr2Bs/4zU6XLmq9HsgBURm7g5pAVfyn49DgUiNgY2d4lXRlYSiCif9YBGpQleewkcqddc7g==
  dependencies:
    get-nonce "^1.0.0"
    invariant "^2.2.4"
    tslib "^2.0.0"

tslib@^2.0.0, tslib@^2.1.0:
  version "2.8.1"
  resolved "https://registry.yarnpkg.com/tslib/-/tslib-2.8.1.tgz#612efe4ed235d567e8aba5f2a5fab70280ade83f"
  integrity sha512-oJFu94HQb+KVduSUQL7wnpmqnfmLsOA/nAh6b6EH0wCEoK0/mPeXU6c3wKDV83MkOuHPRHtSXKKU99IBazS/2w==

use-callback-ref@^1.3.0:
  version "1.3.2"
  resolved "https://registry.yarnpkg.com/use-callback-ref/-/use-callback-ref-1.3.2.tgz#6134c7f6ff76e2be0b56c809b17a650c942b1693"
  integrity sha512-elOQwe6Q8gqZgDA8mrh44qRTQqpIHDcZ3hXTLjBe1i4ph8XpNJnO+aQf3NaG+lriLopI4HMx9VjQLfPQ6vhnoA==
  dependencies:
    tslib "^2.0.0"

use-sidecar@^1.1.2:
  version "1.1.2"
  resolved "https://registry.yarnpkg.com/use-sidecar/-/use-sidecar-1.1.2.tgz#2f43126ba2d7d7e117aa5855e5d8f0276dfe73c2"
  integrity sha512-epTbsLuzZ7lPClpz2TyryBfztm7m+28DlEv2ZCQ3MDr5ssiwyOwGH/e5F9CkfWjJ1t4clvI58yF822/GUkjjhw==
  dependencies:
    detect-node-es "^1.1.0"
    tslib "^2.0.0"
