{
  "name": "backend",
  "lockfileVersion": 3,
  "requires": true,
  "packages": {
    "": {
      "dependencies": {
        "psql": "^0.0.1"
      }
    },
    "node_modules/argparse": {
      "version": "0.1.16",
      "resolved": "https://registry.npmjs.org/argparse/-/argparse-0.1.16.tgz",
      "integrity": "sha512-LjmC2dNpdn2L4UzyoaIr11ELYoLn37ZFy9zObrQFHsSuOepeUEMKnM8w5KL4Tnrp2gy88rRuQt6Ky8Bjml+Baw==",
      "dependencies": {
        "underscore": "~1.7.0",
        "underscore.string": "~2.4.0"
      }
    },
    "node_modules/argparse/node_modules/underscore": {
      "version": "1.7.0",
      "resolved": "https://registry.npmjs.org/underscore/-/underscore-1.7.0.tgz",
      "integrity": "sha512-cp0oQQyZhUM1kpJDLdGO1jPZHgS/MpzoWYfe9+CM2h/QGDZlqwT2T3YGukuBdaNJ/CAPoeyAZRRHz8JFo176vA=="
    },
    "node_modules/async": {
      "version": "0.2.10",
      "resolved": "https://registry.npmjs.org/async/-/async-0.2.10.tgz",
      "integrity": "sha512-eAkdoKxU6/LkKDBzLpT+t6Ff5EtfSF4wx1WfJiPEEV7WNLnDaRXk0oVysiEPm262roaachGexwUv94WhSgN5TQ=="
    },
    "node_modules/aws-sign": {
      "version": "0.2.0",
      "resolved": "https://registry.npmjs.org/aws-sign/-/aws-sign-0.2.0.tgz",
      "integrity": "sha512-6P7/Ls5F6++DsKu7iacris7qq/AZSWaX+gT4dtSyUxM82ePxWxaP7Slo82ZO3ZTx6GSKxQHAQlmFvM8e+Dd8ZA==",
      "engines": {
        "node": "*"
      }
    },
    "node_modules/bignumber.js": {
      "version": "9.0.0",
      "resolved": "https://registry.npmjs.org/bignumber.js/-/bignumber.js-9.0.0.tgz",
      "integrity": "sha512-t/OYhhJ2SD+YGBQcjY8GzzDHEk9f3nerxjtfa6tlMXfe7frs/WozhvCNoGvpM0P3bNf3Gq5ZRMlGr5f3r4/N8A==",
      "engines": {
        "node": "*"
      }
    },
    "node_modules/boom": {
      "version": "0.3.1",
      "resolved": "https://registry.npmjs.org/boom/-/boom-0.3.1.tgz",
      "integrity": "sha512-xWrlXnkK46TjEW7HU5G39AXWuG5aiHz3++zk3bBzF4mfnVCkpcYbwsnLUqMmfZNgPEYS/AI8MH+vmJxH5Kz0PA==",
      "deprecated": "This version has been deprecated in accordance with the hapi support policy (hapi.im/support). Please upgrade to the latest version to get the best features, bug fixes, and security patches. If you are unable to upgrade at this time, paid support is available for older versions (hapi.im/commercial).",
      "dependencies": {
        "hoek": "0.4.x"
      },
      "engines": {
        "node": ">=0.8.0"
      }
    },
    "node_modules/boom/node_modules/hoek": {
      "version": "0.4.2",
      "resolved": "https://registry.npmjs.org/hoek/-/hoek-0.4.2.tgz",
      "integrity": "sha512-Yj/N2TCrS0d8jvZgUpq9sDNt8/ABwTxPJW4+8QT0KXCMxOtRfUCUTEZEYyvMSgfDT3MGvwgO+NHfWPobagAIug==",
      "deprecated": "This version has been deprecated in accordance with the hapi support policy (hapi.im/support). Please upgrade to the latest version to get the best features, bug fixes, and security patches. If you are unable to upgrade at this time, paid support is available for older versions (hapi.im/commercial).",
      "engines": {
        "node": ">=0.8.0"
      }
    },
    "node_modules/charenc": {
      "version": "0.0.2",
      "resolved": "https://registry.npmjs.org/charenc/-/charenc-0.0.2.tgz",
      "integrity": "sha512-yrLQ/yVUFXkzg7EDQsPieE/53+0RlaWTs+wBrvW36cyilJ2SaDWfl4Yj7MtLTXleV9uEKefbAGUPv2/iWSooRA==",
      "engines": {
        "node": "*"
      }
    },
    "node_modules/cli-table": {
      "version": "0.3.11",
      "resolved": "https://registry.npmjs.org/cli-table/-/cli-table-0.3.11.tgz",
      "integrity": "sha512-IqLQi4lO0nIB4tcdTpN4LCB9FI3uqrJZK7RC515EnhZ6qBaglkIgICb1wjeAqpdoOabm1+SuQtkXIPdYC93jhQ==",
      "dependencies": {
        "colors": "1.0.3"
      },
      "engines": {
        "node": ">= 0.2.0"
      }
    },
    "node_modules/cli-table/node_modules/colors": {
      "version": "1.0.3",
      "resolved": "https://registry.npmjs.org/colors/-/colors-1.0.3.tgz",
      "integrity": "sha512-pFGrxThWcWQ2MsAz6RtgeWe4NK2kUE1WfsrvvlctdII745EW9I0yflqhe7++M5LEc7bV2c/9/5zc8sFcpL0Drw==",
      "engines": {
        "node": ">=0.1.90"
      }
    },
    "node_modules/colors": {
      "version": "0.6.2",
      "resolved": "https://registry.npmjs.org/colors/-/colors-0.6.2.tgz",
      "integrity": "sha512-OsSVtHK8Ir8r3+Fxw/b4jS1ZLPXkV6ZxDRJQzeD7qo0SqMXWrHDM71DgYzPMHY8SFJ0Ao+nNU2p1MmwdzKqPrw==",
      "engines": {
        "node": ">=0.1.90"
      }
    },
    "node_modules/combined-stream": {
      "version": "0.0.7",
      "resolved": "https://registry.npmjs.org/combined-stream/-/combined-stream-0.0.7.tgz",
      "integrity": "sha512-qfexlmLp9MyrkajQVyjEDb0Vj+KhRgR/rxLiVhaihlT+ZkX0lReqtH6Ack40CvMDERR4b5eFp3CreskpBs1Pig==",
      "dependencies": {
        "delayed-stream": "0.0.5"
      },
      "engines": {
        "node": ">= 0.8"
      }
    },
    "node_modules/cookie-jar": {
      "version": "0.2.0",
      "resolved": "https://registry.npmjs.org/cookie-jar/-/cookie-jar-0.2.0.tgz",
      "integrity": "sha512-yImk9AY90xjoUsN2fWHoIhVgveXqiZv7LDqUTZEzVBHyzfay8AjcJITUZpz2fTYLh6rnP+7GogiuRCo/5j2epg==",
      "engines": {
        "node": "*"
      }
    },
    "node_modules/core-util-is": {
      "version": "1.0.3",
      "resolved": "https://registry.npmjs.org/core-util-is/-/core-util-is-1.0.3.tgz",
      "integrity": "sha512-ZQBvi1DcpJ4GDqanjucZ2Hj3wEO5pZDS89BWbkcrvdxksJorwUDDZamX9ldFkp9aw2lmBDLgkObEA4DWNJ9FYQ=="
    },
    "node_modules/crypt": {
      "version": "0.0.2",
      "resolved": "https://registry.npmjs.org/crypt/-/crypt-0.0.2.tgz",
      "integrity": "sha512-mCxBlsHFYh9C+HVpiEacem8FEBnMXgU9gy4zmNC+SXAZNB/1idgp/aulFJ4FgCi7GPEVbfyng092GqL2k2rmow==",
      "engines": {
        "node": "*"
      }
    },
    "node_modules/cryptiles": {
      "version": "0.1.0",
      "resolved": "https://registry.npmjs.org/cryptiles/-/cryptiles-0.1.0.tgz",
      "integrity": "sha512-WiOGszxSaVHd8T4hlu5Xcqs2uUYxbvotBP171ag2pLPKSwSKeTJYnzd98/YWV3jQYk/rpMHa3r01cQfN8SZrHQ==",
      "deprecated": "This version has been deprecated in accordance with the hapi support policy (hapi.im/support). Please upgrade to the latest version to get the best features, bug fixes, and security patches. If you are unable to upgrade at this time, paid support is available for older versions (hapi.im/commercial).",
      "dependencies": {
        "boom": "0.3.x"
      },
      "engines": {
        "node": ">=0.8.0"
      }
    },
    "node_modules/cycle": {
      "version": "1.0.3",
      "resolved": "https://registry.npmjs.org/cycle/-/cycle-1.0.3.tgz",
      "integrity": "sha512-TVF6svNzeQCOpjCqsy0/CSy8VgObG3wXusJ73xW2GbG5rGx7lC8zxDSURicsXI2UsGdi2L0QNRCi745/wUDvsA==",
      "engines": {
        "node": ">=0.4.0"
      }
    },
    "node_modules/delayed-stream": {
      "version": "0.0.5",
      "resolved": "https://registry.npmjs.org/delayed-stream/-/delayed-stream-0.0.5.tgz",
      "integrity": "sha512-v+7uBd1pqe5YtgPacIIbZ8HuHeLFVNe4mUEyFDXL6KiqzEykjbw+5mXZXpGFgNVasdL4jWKgaKIXrEHiynN1LA==",
      "engines": {
        "node": ">=0.4.0"
      }
    },
    "node_modules/esprima": {
      "version": "1.0.4",
      "resolved": "https://registry.npmjs.org/esprima/-/esprima-1.0.4.tgz",
      "integrity": "sha512-rp5dMKN8zEs9dfi9g0X1ClLmV//WRyk/R15mppFNICIFRG5P92VP7Z04p8pk++gABo9W2tY+kHyu6P1mEHgmTA==",
      "bin": {
        "esparse": "bin/esparse.js",
        "esvalidate": "bin/esvalidate.js"
      },
      "engines": {
        "node": ">=0.4.0"
      }
    },
    "node_modules/eyes": {
      "version": "0.1.8",
      "resolved": "https://registry.npmjs.org/eyes/-/eyes-0.1.8.tgz",
      "integrity": "sha512-GipyPsXO1anza0AOZdy69Im7hGFCNB7Y/NGjDlZGJ3GJJLtwNSb2vrzYrTYJRrRloVx7pl+bhUaTB8yiccPvFQ==",
      "engines": {
        "node": "> 0.1.90"
      }
    },
    "node_modules/forever-agent": {
      "version": "0.2.0",
      "resolved": "https://registry.npmjs.org/forever-agent/-/forever-agent-0.2.0.tgz",
      "integrity": "sha512-IasWSRIlfPnBZY1K9jEUK3PwsScR4mrcK+aNBJzGoPnW+S9b6f8I8ScyH4cehEOFNqnjGpP2gCaA22gqSV1xQA==",
      "engines": {
        "node": "*"
      }
    },
    "node_modules/form-data": {
      "version": "0.0.10",
      "resolved": "https://registry.npmjs.org/form-data/-/form-data-0.0.10.tgz",
      "integrity": "sha512-Z9/PpT/agxXi80nMpOH6GFD7XOr6mwk5aWMxDt/KMY+Nm7e4FnRMjddM4/mLPJhpmp6alY1F/1JQpRE6z07xng==",
      "dependencies": {
        "async": "~0.2.7",
        "combined-stream": "~0.0.4",
        "mime": "~1.2.2"
      },
      "engines": {
        "node": ">= 0.6"
      }
    },
    "node_modules/hawk": {
      "version": "0.10.2",
      "resolved": "https://registry.npmjs.org/hawk/-/hawk-0.10.2.tgz",
      "integrity": "sha512-BjpmnZ95odv7KOIsydfNTAxfGOGaVc6xbYL4fozWl45PWjDqskix0LHAekmGkpnrCAI6+AZRvJIXNTAllj+e6w==",
      "deprecated": "This module moved to @hapi/hawk. Please make sure to switch over as this distribution is no longer supported and may contain bugs and critical security issues.",
      "dependencies": {
        "boom": "0.3.x",
        "cryptiles": "0.1.x",
        "hoek": "0.7.x",
        "sntp": "0.1.x"
      },
      "engines": {
        "node": "0.8.x"
      }
    },
    "node_modules/hoek": {
      "version": "0.7.6",
      "resolved": "https://registry.npmjs.org/hoek/-/hoek-0.7.6.tgz",
      "integrity": "sha512-z75muWk69yyjWn6nNzJP0pnfgcewtSTs7uBolGUA7kWNdCYZukzHn3sYqUirhXul7qp9WBUwNT/7ieJZNveJqg==",
      "deprecated": "This version has been deprecated in accordance with the hapi support policy (hapi.im/support). Please upgrade to the latest version to get the best features, bug fixes, and security patches. If you are unable to upgrade at this time, paid support is available for older versions (hapi.im/commercial).",
      "engines": {
        "node": "0.8.x"
      }
    },
    "node_modules/inherits": {
      "version": "2.0.4",
      "resolved": "https://registry.npmjs.org/inherits/-/inherits-2.0.4.tgz",
      "integrity": "sha512-k/vGaX4/Yla3WzyMCvTQOXYeIHvqOKtnqBduzTHpzpQZzAskKMhZ2K+EnBiSM9zGSoIFeMpXKxa4dYeZIQqewQ=="
    },
    "node_modules/isarray": {
      "version": "1.0.0",
      "resolved": "https://registry.npmjs.org/isarray/-/isarray-1.0.0.tgz",
      "integrity": "sha512-VLghIWNM6ELQzo7zwmcg0NmTVyWKYjvIeM83yjp0wRDTmUnrM678fQbcKBo6n2CJEF0szoG//ytg+TKla89ALQ=="
    },
    "node_modules/js-yaml": {
      "version": "2.1.3",
      "resolved": "https://registry.npmjs.org/js-yaml/-/js-yaml-2.1.3.tgz",
      "integrity": "sha512-2ElQ5tUBsI5GIjddfYGdudelD5+9JM9FfJXlrn+Mj3k72t4XrqBr3vf3+1sky0WKC3dSVhF0ZqIUpX9QFBmmfQ==",
      "dependencies": {
        "argparse": "~ 0.1.11",
        "esprima": "~ 1.0.2"
      },
      "bin": {
        "js-yaml": "bin/js-yaml.js"
      },
      "engines": {
        "node": ">= 0.6.0"
      }
    },
    "node_modules/json-stringify-safe": {
      "version": "3.0.0",
      "resolved": "https://registry.npmjs.org/json-stringify-safe/-/json-stringify-safe-3.0.0.tgz",
      "integrity": "sha512-VSSuxEAawKLYlCabQOR7YDijQ69zPqQBOriUuCgNhlAqtU7RPr41gPpaSs6WkEu+ZOtUequpXWbI51CS+Z/gMQ=="
    },
    "node_modules/log": {
      "version": "1.4.0",
      "resolved": "https://registry.npmjs.org/log/-/log-1.4.0.tgz",
      "integrity": "sha512-NnLhcxIAbhdhuMU0jDG83YjAH8JQj8tXUTy54Ib+4owuXwerrYFI8+OsnK1Ez/cig8O859QK6u6g0aYph/X/zQ==",
      "engines": {
        "node": ">= 0.2.0"
      }
    },
    "node_modules/MD5": {
      "version": "1.3.0",
      "resolved": "https://registry.npmjs.org/MD5/-/MD5-1.3.0.tgz",
      "integrity": "sha512-kDyDOgf7CECKouVCQ8tcbASPTyLMxrHxlvKBTBaXbF4eff5VYdfy4GCkCIIbAice4JGxBK+ExRD/4LdxDNXvLg==",
      "deprecated": "deprecated, use lowercase 'md5@2.x' from now on",
      "dependencies": {
        "charenc": ">= 0.0.1",
        "crypt": ">= 0.0.1"
      },
      "engines": {
        "node": "*"
      }
    },
    "node_modules/mime": {
      "version": "1.2.11",
      "resolved": "https://registry.npmjs.org/mime/-/mime-1.2.11.tgz",
      "integrity": "sha512-Ysa2F/nqTNGHhhm9MV8ure4+Hc+Y8AWiqUdHxsO7xu8zc92ND9f3kpALHjaP026Ft17UfxrMt95c50PLUeynBw=="
    },
    "node_modules/mysql": {
      "version": "2.18.1",
      "resolved": "https://registry.npmjs.org/mysql/-/mysql-2.18.1.tgz",
      "integrity": "sha512-Bca+gk2YWmqp2Uf6k5NFEurwY/0td0cpebAucFpY/3jhrwrVGuxU2uQFCHjU19SJfje0yQvi+rVWdq78hR5lig==",
      "dependencies": {
        "bignumber.js": "9.0.0",
        "readable-stream": "2.3.7",
        "safe-buffer": "5.1.2",
        "sqlstring": "2.3.1"
      },
      "engines": {
        "node": ">= 0.6"
      }
    },
    "node_modules/node-uuid": {
      "version": "1.4.8",
      "resolved": "https://registry.npmjs.org/node-uuid/-/node-uuid-1.4.8.tgz",
      "integrity": "sha512-TkCET/3rr9mUuRp+CpO7qfgT++aAxfDRaalQhwPFzI9BY/2rCDn6OfpZOVggi1AXfTPpfkTrg5f5WQx5G1uLxA==",
      "deprecated": "Use uuid module instead",
      "bin": {
        "uuid": "bin/uuid"
      }
    },
    "node_modules/oauth-sign": {
      "version": "0.2.0",
      "resolved": "https://registry.npmjs.org/oauth-sign/-/oauth-sign-0.2.0.tgz",
      "integrity": "sha512-4DtiD64CwPJ5vZ636j/KtM7DxWbX1KlkqwbqbEAxI3BCpBrQdrKOv8vC/36U6gfm1CVapy6QmcVxPnXPPQApTA==",
      "engines": {
        "node": "*"
      }
    },
    "node_modules/pkginfo": {
      "version": "0.3.1",
      "resolved": "https://registry.npmjs.org/pkginfo/-/pkginfo-0.3.1.tgz",
      "integrity": "sha512-yO5feByMzAp96LtP58wvPKSbaKAi/1C4kV9XpTctr6EepnP6F33RBNOiVrdz9BrPA98U2BMFsTNHo44TWcbQ2A==",
      "engines": {
        "node": ">= 0.4.0"
      }
    },
    "node_modules/process-nextick-args": {
      "version": "2.0.1",
      "resolved": "https://registry.npmjs.org/process-nextick-args/-/process-nextick-args-2.0.1.tgz",
      "integrity": "sha512-3ouUOpQhtgrbOa17J7+uxOTpITYWaGP7/AhoR3+A+/1e9skrzelGi/dXzEYyvbxubEF6Wn2ypscTKiKJFFn1ag=="
    },
    "node_modules/psql": {
      "version": "0.0.1",
      "resolved": "https://registry.npmjs.org/psql/-/psql-0.0.1.tgz",
      "integrity": "sha512-PmH2wP4vbKkIRTCJLQT6e18IONCYrwBKbfAm4cCn/r/0PIFG1S+iuHEba2Qm7y7bOeROLLyOuTGmInvQZhJzDw==",
      "dependencies": {
        "cli-table": "^0.3.0",
        "colors": "^0.6.2",
        "MD5": "^1.2.1",
        "mysql": "^2.4.1",
        "q": "^1.0.1",
        "underscore": "^1.6.0",
        "winston": "^0.7.3",
        "wordwrap": "0.0.2",
        "yaml-config": "^0.3.0",
        "yargs": "^1.2.6"
      },
      "bin": {
        "psql": "bin/psql.js"
      }
    },
    "node_modules/q": {
      "version": "1.5.1",
      "resolved": "https://registry.npmjs.org/q/-/q-1.5.1.tgz",
      "integrity": "sha512-kV/CThkXo6xyFEZUugw/+pIOywXcDbFYgSct5cT3gqlbkBE1SJdwy6UQoZvodiWF/ckQLZyDE/Bu1M6gVu5lVw==",
      "deprecated": "You or someone you depend on is using Q, the JavaScript Promise library that gave JavaScript developers strong feelings about promises. They can almost certainly migrate to the native JavaScript promise now. Thank you literally everyone for joining me in this bet against the odds. Be excellent to each other.\n\n(For a CapTP with native promises, see @endo/eventual-send and @endo/captp)",
      "engines": {
        "node": ">=0.6.0",
        "teleport": ">=0.2.0"
      }
    },
    "node_modules/qs": {
      "version": "0.5.6",
      "resolved": "https://registry.npmjs.org/qs/-/qs-0.5.6.tgz",
      "integrity": "sha512-KbOrQrP5Ye+0gmq+hwxoJwAFRwExACWqwxj1IDFFgqOw9Poxy3wwSbafd9ZqP6T6ykMfnxM573kt/a4i9ybatQ==",
      "engines": {
        "node": "*"
      }
    },
    "node_modules/readable-stream": {
      "version": "2.3.7",
      "resolved": "https://registry.npmjs.org/readable-stream/-/readable-stream-2.3.7.tgz",
      "integrity": "sha512-Ebho8K4jIbHAxnuxi7o42OrZgF/ZTNcsZj6nRKyUmkhLFq8CHItp/fy6hQZuZmP/n3yZ9VBUbp4zz/mX8hmYPw==",
      "dependencies": {
        "core-util-is": "~1.0.0",
        "inherits": "~2.0.3",
        "isarray": "~1.0.0",
        "process-nextick-args": "~2.0.0",
        "safe-buffer": "~5.1.1",
        "string_decoder": "~1.1.1",
        "util-deprecate": "~1.0.1"
      }
    },
    "node_modules/request": {
      "version": "2.16.6",
      "resolved": "https://registry.npmjs.org/request/-/request-2.16.6.tgz",
      "integrity": "sha512-TfD4kMo40kwuOpO7GYfAZpb2wYdw7yvTIglPNgPPSmp2Fz6MKNvPLla40FQ/ypdhy6B2jRNz3VlCjPD6mnzsmA==",
      "deprecated": "request has been deprecated, see https://github.com/request/request/issues/3142",
      "engines": [
        "node >= 0.8.0"
      ],
      "dependencies": {
        "aws-sign": "~0.2.0",
        "cookie-jar": "~0.2.0",
        "forever-agent": "~0.2.0",
        "form-data": "~0.0.3",
        "hawk": "~0.10.2",
        "json-stringify-safe": "~3.0.0",
        "mime": "~1.2.7",
        "node-uuid": "~1.4.0",
        "oauth-sign": "~0.2.0",
        "qs": "~0.5.4",
        "tunnel-agent": "~0.2.0"
      }
    },
    "node_modules/safe-buffer": {
      "version": "5.1.2",
      "resolved": "https://registry.npmjs.org/safe-buffer/-/safe-buffer-5.1.2.tgz",
      "integrity": "sha512-Gd2UZBJDkXlY7GbJxfsE8/nvKkUEU1G38c1siN6QP6a9PT9MmHB8GnpscSmMJSoF8LOIrt8ud/wPtojys4G6+g=="
    },
    "node_modules/sntp": {
      "version": "0.1.2",
      "resolved": "https://registry.npmjs.org/sntp/-/sntp-0.1.2.tgz",
      "integrity": "sha512-6fsOpJYQAQcO/UeW7T9mJwEenJymdU77o+gNiompGAammlSa+C49Oyt79ta/kgVbT13l4JAuKlo8FNvUnVjvEQ==",
      "deprecated": "This module moved to @hapi/sntp. Please make sure to switch over as this distribution is no longer supported and may contain bugs and critical security issues.",
      "dependencies": {
        "hoek": "0.4.x"
      },
      "engines": {
        "node": ">=0.8.0"
      }
    },
    "node_modules/sntp/node_modules/hoek": {
      "version": "0.4.2",
      "resolved": "https://registry.npmjs.org/hoek/-/hoek-0.4.2.tgz",
      "integrity": "sha512-Yj/N2TCrS0d8jvZgUpq9sDNt8/ABwTxPJW4+8QT0KXCMxOtRfUCUTEZEYyvMSgfDT3MGvwgO+NHfWPobagAIug==",
      "deprecated": "This version has been deprecated in accordance with the hapi support policy (hapi.im/support). Please upgrade to the latest version to get the best features, bug fixes, and security patches. If you are unable to upgrade at this time, paid support is available for older versions (hapi.im/commercial).",
      "engines": {
        "node": ">=0.8.0"
      }
    },
    "node_modules/sqlstring": {
      "version": "2.3.1",
      "resolved": "https://registry.npmjs.org/sqlstring/-/sqlstring-2.3.1.tgz",
      "integrity": "sha512-ooAzh/7dxIG5+uDik1z/Rd1vli0+38izZhGzSa34FwR7IbelPWCCKSNIl8jlL/F7ERvy8CB2jNeM1E9i9mXMAQ==",
      "engines": {
        "node": ">= 0.6"
      }
    },
    "node_modules/stack-trace": {
      "version": "0.0.10",
      "resolved": "https://registry.npmjs.org/stack-trace/-/stack-trace-0.0.10.tgz",
      "integrity": "sha512-KGzahc7puUKkzyMt+IqAep+TVNbKP+k2Lmwhub39m1AsTSkaDutx56aDCo+HLDzf/D26BIHTJWNiTG1KAJiQCg==",
      "engines": {
        "node": "*"
      }
    },
    "node_modules/string_decoder": {
      "version": "1.1.1",
      "resolved": "https://registry.npmjs.org/string_decoder/-/string_decoder-1.1.1.tgz",
      "integrity": "sha512-n/ShnvDi6FHbbVfviro+WojiFzv+s8MPMHBczVePfUpDJLwoLT0ht1l4YwBCbi8pJAveEEdnkHyPyTP/mzRfwg==",
      "dependencies": {
        "safe-buffer": "~5.1.0"
      }
    },
    "node_modules/tunnel-agent": {
      "version": "0.2.0",
      "resolved": "https://registry.npmjs.org/tunnel-agent/-/tunnel-agent-0.2.0.tgz",
      "integrity": "sha512-PXy4q1PH88BK0pcGOEMXFAslyBuRWz1wxLfPXTlYFd41eyUgjOALaVGbWJN1ymjbnBzjWunVSKmrrMMh8oLaZA==",
      "engines": {
        "node": "*"
      }
    },
    "node_modules/underscore": {
      "version": "1.13.7",
      "resolved": "https://registry.npmjs.org/underscore/-/underscore-1.13.7.tgz",
      "integrity": "sha512-GMXzWtsc57XAtguZgaQViUOzs0KTkk8ojr3/xAxXLITqf/3EMwxC0inyETfDFjH/Krbhuep0HNbbjI9i/q3F3g=="
    },
    "node_modules/underscore.string": {
      "version": "2.4.0",
      "resolved": "https://registry.npmjs.org/underscore.string/-/underscore.string-2.4.0.tgz",
      "integrity": "sha512-yxkabuCaIBnzfIvX3kBxQqCs0ar/bfJwDnFEHJUm/ZrRVhT3IItdRF5cZjARLzEnyQYtIUhsZ2LG2j3HidFOFQ==",
      "engines": {
        "node": "*"
      }
    },
    "node_modules/util-deprecate": {
      "version": "1.0.2",
      "resolved": "https://registry.npmjs.org/util-deprecate/-/util-deprecate-1.0.2.tgz",
      "integrity": "sha512-EPD5q1uXyFxJpCrLnCc1nHnq3gOa6DZBocAIiI2TaSCA7VCJ1UJDMagCzIkXNsUYfD1daK//LTEQ8xiIbrHtcw=="
    },
    "node_modules/winston": {
      "version": "0.7.3",
      "resolved": "https://registry.npmjs.org/winston/-/winston-0.7.3.tgz",
      "integrity": "sha512-iVTT8tf9YnTyfZX+aEUj2fl6WBRet7za6vdjMeyF8SA80Vii2rreM5XH+5qmpBV9uJGj8jz8BozvTDcroVq/eA==",
      "dependencies": {
        "async": "0.2.x",
        "colors": "0.6.x",
        "cycle": "1.0.x",
        "eyes": "0.1.x",
        "pkginfo": "0.3.x",
        "request": "2.16.x",
        "stack-trace": "0.0.x"
      },
      "engines": {
        "node": ">= 0.6.0"
      }
    },
    "node_modules/wordwrap": {
      "version": "0.0.2",
      "resolved": "https://registry.npmjs.org/wordwrap/-/wordwrap-0.0.2.tgz",
      "integrity": "sha512-xSBsCeh+g+dinoBv3GAOWM4LcVVO68wLXRanibtBSdUvkGWQRGeE9P7IwU9EmDDi4jA6L44lz15CGMwdw9N5+Q==",
      "engines": {
        "node": ">=0.4.0"
      }
    },
    "node_modules/yaml-config": {
      "version": "0.3.0",
      "resolved": "https://registry.npmjs.org/yaml-config/-/yaml-config-0.3.0.tgz",
      "integrity": "sha512-YfFYC7ijNRSO5Ii0vMw7sUzqqrnkv010Iz5s7qnwErVTy3dKQraVbZFOQGBrT0jbxVlauIqfrHSJDZ+gzd0aaw==",
      "dependencies": {
        "js-yaml": "~2.1.0",
        "log": "~1.4.0"
      },
      "engines": {
        "node": ">=0.4.x"
      }
    },
    "node_modules/yargs": {
      "version": "1.3.3",
      "resolved": "https://registry.npmjs.org/yargs/-/yargs-1.3.3.tgz",
      "integrity": "sha512-7OGt4xXoWJQh5ulgZ78rKaqY7dNWbjfK+UKxGcIlaM2j7C4fqGchyv8CPvEWdRPrHp6Ula/YU8yGRpYGOHrI+g=="
    }
  }
}
