{
  "version": "4",
  "specifiers": {
    "jsr:@hono/hono@^4.7.2": "4.7.4",
    "jsr:@std/dotenv@*": "0.225.3",
    "jsr:@supabase/supabase-js@2": "2.49.1",
    "jsr:@supabase/supabase-js@^2.49.1": "2.49.1",
    "npm:@langchain/community@*": "0.3.36_@browserbasehq+stagehand@1.14.0__@playwright+test@1.51.1__deepmerge@4.3.1__dotenv@16.4.7__openai@4.87.3___zod@3.24.2___ws@8.18.1__zod@3.24.2__ws@8.18.1_@ibm-cloud+watsonx-ai@1.6.0__@langchain+core@0.3.42___openai@4.87.3____zod@3.24.2___zod@3.24.2___openai@4.87.3____zod@3.24.2____ws@8.18.1__openai@4.87.3___zod@3.24.2___ws@8.18.1_@langchain+core@0.3.42__openai@4.87.3___zod@3.24.2__zod@3.24.2_ibm-cloud-sdk-core@5.3.2__axios@1.8.4_openai@4.87.3__zod@3.24.2_pdf-parse@1.1.1_openai@4.87.3__zod@3.24.2__ws@8.18.1_zod@3.24.2_@langchain+core@0.3.42__openai@4.87.3___zod@3.24.2__zod@3.24.2__openai@4.87.3___zod@3.24.2___ws@8.18.1",
    "npm:@langchain/core@*": "0.3.42_openai@4.87.3__zod@3.24.2_zod@3.24.2",
    "npm:@supabase/auth-js@2.68.0": "2.68.0",
    "npm:@supabase/functions-js@2.4.4": "2.4.4",
    "npm:@supabase/node-fetch@2.6.15": "2.6.15",
    "npm:@supabase/postgrest-js@1.19.2": "1.19.2",
    "npm:@supabase/realtime-js@2.11.2": "2.11.2",
    "npm:@supabase/storage-js@2.7.1": "2.7.1",
    "npm:@types/node@*": "22.12.0",
    "npm:langchain@*": "0.3.19_@langchain+core@0.3.42__openai@4.87.3___zod@3.24.2__zod@3.24.2_openai@4.87.3__zod@3.24.2_zod@3.24.2",
    "npm:langchain@~0.3.19": "0.3.19_@langchain+core@0.3.42__openai@4.87.3___zod@3.24.2__zod@3.24.2_openai@4.87.3__zod@3.24.2_zod@3.24.2",
    "npm:openai@^4.52.5": "4.87.3_zod@3.24.2",
    "npm:pdf-parse@^1.1.1": "1.1.1",
    "npm:zod@3.24.2": "3.24.2"
  },
  "jsr": {
    "@hono/hono@4.7.4": {
      "integrity": "c03c9cbe0fbfc4e51f3fee6502a7903aa4f9ef7c2c98635607b15eee14258825"
    },
    "@std/dotenv@0.225.3": {
      "integrity": "a95e5b812c27b0854c52acbae215856d9cce9d4bbf774d938c51d212711e8d4a"
    },
    "@supabase/supabase-js@2.49.1": {
      "integrity": "45dff81927b876287024ff8b43de8741bfe5ddf1fbaf152dd863a367bfcbd380",
      "dependencies": [
        "npm:@supabase/auth-js",
        "npm:@supabase/functions-js",
        "npm:@supabase/node-fetch",
        "npm:@supabase/postgrest-js",
        "npm:@supabase/realtime-js",
        "npm:@supabase/storage-js"
      ]
    }
  },
  "npm": {
    "@anthropic-ai/sdk@0.27.3": {
      "integrity": "sha512-IjLt0gd3L4jlOfilxVXTifn42FnVffMgDC04RJK1KDZpmkBWLv0XC92MVVmkxrFZNS/7l3xWgP/I3nqtX1sQHw==",
      "dependencies": [
        "@types/node@18.19.80",
        "@types/node-fetch",
        "abort-controller",
        "agentkeepalive",
        "form-data-encoder",
        "formdata-node",
        "node-fetch"
      ]
    },
    "@browserbasehq/sdk@2.4.0": {
      "integrity": "sha512-o1+6C4MQCpZ9+8je1IUF9UvWLuSzLcBjE1kPfu2sw7MgRFNFJS1NcWCiEmjZe71ke4CNojZWaU7XTNxh8z2PUw==",
      "dependencies": [
        "@types/node@18.19.80",
        "@types/node-fetch",
        "abort-controller",
        "agentkeepalive",
        "form-data-encoder",
        "formdata-node",
        "node-fetch"
      ]
    },
    "@browserbasehq/stagehand@1.14.0_@playwright+test@1.51.1_deepmerge@4.3.1_dotenv@16.4.7_openai@4.87.3__zod@3.24.2__ws@8.18.1_zod@3.24.2_ws@8.18.1": {
      "integrity": "sha512-Hi/EzgMFWz+FKyepxHTrqfTPjpsuBS4zRy3e9sbMpBgLPv+9c0R+YZEvS7Bw4mTS66QtvvURRT6zgDGFotthVQ==",
      "dependencies": [
        "@anthropic-ai/sdk",
        "@browserbasehq/sdk",
        "@playwright/test",
        "deepmerge",
        "dotenv",
        "openai@4.87.3_zod@3.24.2_ws@8.18.1",
        "ws",
        "zod",
        "zod-to-json-schema"
      ]
    },
    "@cfworker/json-schema@4.1.1": {
      "integrity": "sha512-gAmrUZSGtKc3AiBL71iNWxDsyUC5uMaKKGdvzYsBoTW/xi42JQHl7eKV2OYzCUqvc+D2RCcf7EXY2iCyFIk6og=="
    },
    "@ibm-cloud/watsonx-ai@1.6.0_@langchain+core@0.3.42__openai@4.87.3___zod@3.24.2__zod@3.24.2__openai@4.87.3___zod@3.24.2___ws@8.18.1_openai@4.87.3__zod@3.24.2__ws@8.18.1": {
      "integrity": "sha512-Cm2UmNX8ynZgvTvTSS3w7Ix13nAO7E5KCvrDinrEBenJhZgG+WrzhToPbQXNJSg7A9NXwSlf31Fk57Rw7Jil2Q==",
      "dependencies": [
        "@langchain/textsplitters@0.1.0_@langchain+core@0.3.42__openai@4.87.3___zod@3.24.2__zod@3.24.2__openai@4.87.3___zod@3.24.2___ws@8.18.1_openai@4.87.3__zod@3.24.2__ws@8.18.1",
        "@types/node@18.19.78",
        "extend",
        "ibm-cloud-sdk-core"
      ]
    },
    "@langchain/community@0.3.36_@browserbasehq+stagehand@1.14.0__@playwright+test@1.51.1__deepmerge@4.3.1__dotenv@16.4.7__openai@4.87.3___zod@3.24.2___ws@8.18.1__zod@3.24.2__ws@8.18.1_@ibm-cloud+watsonx-ai@1.6.0__@langchain+core@0.3.42___openai@4.87.3____zod@3.24.2___zod@3.24.2___openai@4.87.3____zod@3.24.2____ws@8.18.1__openai@4.87.3___zod@3.24.2___ws@8.18.1_@langchain+core@0.3.42__openai@4.87.3___zod@3.24.2__zod@3.24.2_ibm-cloud-sdk-core@5.3.2__axios@1.8.4_openai@4.87.3__zod@3.24.2_pdf-parse@1.1.1_openai@4.87.3__zod@3.24.2__ws@8.18.1_zod@3.24.2_@langchain+core@0.3.42__openai@4.87.3___zod@3.24.2__zod@3.24.2__openai@4.87.3___zod@3.24.2___ws@8.18.1": {
      "integrity": "sha512-4jBB4yqux8CGfCwlBbtXck5qP0yJPwDvtwI4KUN2j/At+zSZn1FyTL11G75ctG2b5GO7u+cR6QatDXIPooJphA==",
      "dependencies": [
        "@browserbasehq/stagehand",
        "@ibm-cloud/watsonx-ai",
        "@langchain/core@0.3.42_openai@4.87.3__zod@3.24.2_zod@3.24.2_openai@4.87.3__zod@3.24.2__ws@8.18.1",
        "@langchain/openai@0.4.5_@langchain+core@0.3.42__openai@4.87.3___zod@3.24.2__zod@3.24.2__openai@4.87.3___zod@3.24.2___ws@8.18.1_zod@3.24.2_openai@4.87.3__zod@3.24.2",
        "binary-extensions",
        "expr-eval",
        "flat",
        "ibm-cloud-sdk-core",
        "js-yaml",
        "langchain@0.3.19_@langchain+core@0.3.42__openai@4.87.3___zod@3.24.2__zod@3.24.2__openai@4.87.3___zod@3.24.2___ws@8.18.1_openai@4.87.3__zod@3.24.2__ws@8.18.1_zod@3.24.2",
        "langsmith@0.3.14_openai@4.87.3__zod@3.24.2__ws@8.18.1_zod@3.24.2",
        "openai@4.87.3_zod@3.24.2_ws@8.18.1",
        "pdf-parse",
        "uuid",
        "zod",
        "zod-to-json-schema"
      ]
    },
    "@langchain/core@0.3.42_openai@4.87.3__zod@3.24.2_zod@3.24.2": {
      "integrity": "sha512-pT/jC5lqWK3YGDq8dQwgKoa6anqAhMtG1x5JbnrOj9NdaLeBbCKBDQ+/Ykzk3nZ8o+0UMsaXNZo7IVL83VVjHg==",
      "dependencies": [
        "@cfworker/json-schema",
        "ansi-styles@5.2.0",
        "camelcase",
        "decamelize",
        "js-tiktoken",
        "langsmith@0.3.14_openai@4.87.3__zod@3.24.2_zod@3.24.2",
        "mustache",
        "p-queue",
        "p-retry",
        "uuid",
        "zod",
        "zod-to-json-schema"
      ]
    },
    "@langchain/core@0.3.42_openai@4.87.3__zod@3.24.2_zod@3.24.2_openai@4.87.3__zod@3.24.2__ws@8.18.1": {
      "integrity": "sha512-pT/jC5lqWK3YGDq8dQwgKoa6anqAhMtG1x5JbnrOj9NdaLeBbCKBDQ+/Ykzk3nZ8o+0UMsaXNZo7IVL83VVjHg==",
      "dependencies": [
        "@cfworker/json-schema",
        "ansi-styles@5.2.0",
        "camelcase",
        "decamelize",
        "js-tiktoken",
        "langsmith@0.3.14_openai@4.87.3__zod@3.24.2_zod@3.24.2_openai@4.87.3__zod@3.24.2__ws@8.18.1",
        "mustache",
        "p-queue",
        "p-retry",
        "uuid",
        "zod",
        "zod-to-json-schema"
      ]
    },
    "@langchain/core@0.3.42_zod@3.24.2": {
      "integrity": "sha512-pT/jC5lqWK3YGDq8dQwgKoa6anqAhMtG1x5JbnrOj9NdaLeBbCKBDQ+/Ykzk3nZ8o+0UMsaXNZo7IVL83VVjHg==",
      "dependencies": [
        "@cfworker/json-schema",
        "ansi-styles@5.2.0",
        "camelcase",
        "decamelize",
        "js-tiktoken",
        "langsmith@0.3.14_openai@4.87.3__zod@3.24.2_zod@3.24.2",
        "mustache",
        "p-queue",
        "p-retry",
        "uuid",
        "zod",
        "zod-to-json-schema"
      ]
    },
    "@langchain/openai@0.4.5_@langchain+core@0.3.42__openai@4.87.3___zod@3.24.2__zod@3.24.2__openai@4.87.3___zod@3.24.2___ws@8.18.1_zod@3.24.2_openai@4.87.3__zod@3.24.2": {
      "integrity": "sha512-S/sqC71GVsCDiFGU0A0VQDFGNrjcuz72FxlfuSxwOuo955qad/0Yp0hRhWJilPOjgDByGwaeZkOaxC/oE9ABdQ==",
      "dependencies": [
        "@langchain/core@0.3.42_openai@4.87.3__zod@3.24.2_zod@3.24.2",
        "js-tiktoken",
        "openai@4.87.3_zod@3.24.2",
        "zod",
        "zod-to-json-schema"
      ]
    },
    "@langchain/openai@0.4.5_@langchain+core@0.3.42__openai@4.87.3___zod@3.24.2__zod@3.24.2_zod@3.24.2_openai@4.87.3__zod@3.24.2": {
      "integrity": "sha512-S/sqC71GVsCDiFGU0A0VQDFGNrjcuz72FxlfuSxwOuo955qad/0Yp0hRhWJilPOjgDByGwaeZkOaxC/oE9ABdQ==",
      "dependencies": [
        "@langchain/core@0.3.42_openai@4.87.3__zod@3.24.2_zod@3.24.2",
        "js-tiktoken",
        "openai@4.87.3_zod@3.24.2",
        "zod",
        "zod-to-json-schema"
      ]
    },
    "@langchain/openai@0.4.5_@langchain+core@0.3.42__zod@3.24.2_zod@3.24.2_openai@4.87.3__zod@3.24.2": {
      "integrity": "sha512-S/sqC71GVsCDiFGU0A0VQDFGNrjcuz72FxlfuSxwOuo955qad/0Yp0hRhWJilPOjgDByGwaeZkOaxC/oE9ABdQ==",
      "dependencies": [
        "@langchain/core@0.3.42_openai@4.87.3__zod@3.24.2_zod@3.24.2",
        "js-tiktoken",
        "openai@4.87.3_zod@3.24.2",
        "zod",
        "zod-to-json-schema"
      ]
    },
    "@langchain/textsplitters@0.1.0_@langchain+core@0.3.42__openai@4.87.3___zod@3.24.2__zod@3.24.2__openai@4.87.3___zod@3.24.2___ws@8.18.1_openai@4.87.3__zod@3.24.2__ws@8.18.1": {
      "integrity": "sha512-djI4uw9rlkAb5iMhtLED+xJebDdAG935AdP4eRTB02R7OB/act55Bj9wsskhZsvuyQRpO4O1wQOp85s6T6GWmw==",
      "dependencies": [
        "@langchain/core@0.3.42_openai@4.87.3__zod@3.24.2_zod@3.24.2_openai@4.87.3__zod@3.24.2__ws@8.18.1",
        "js-tiktoken"
      ]
    },
    "@langchain/textsplitters@0.1.0_@langchain+core@0.3.42__openai@4.87.3___zod@3.24.2__zod@3.24.2_openai@4.87.3__zod@3.24.2": {
      "integrity": "sha512-djI4uw9rlkAb5iMhtLED+xJebDdAG935AdP4eRTB02R7OB/act55Bj9wsskhZsvuyQRpO4O1wQOp85s6T6GWmw==",
      "dependencies": [
        "@langchain/core@0.3.42_openai@4.87.3__zod@3.24.2_zod@3.24.2",
        "js-tiktoken"
      ]
    },
    "@langchain/textsplitters@0.1.0_@langchain+core@0.3.42__zod@3.24.2": {
      "integrity": "sha512-djI4uw9rlkAb5iMhtLED+xJebDdAG935AdP4eRTB02R7OB/act55Bj9wsskhZsvuyQRpO4O1wQOp85s6T6GWmw==",
      "dependencies": [
        "@langchain/core@0.3.42_zod@3.24.2",
        "js-tiktoken"
      ]
    },
    "@playwright/test@1.51.1": {
      "integrity": "sha512-nM+kEaTSAoVlXmMPH10017vn3FSiFqr/bh4fKg9vmAdMfd9SDqRZNvPSiAHADc/itWak+qPvMPZQOPwCBW7k7Q==",
      "dependencies": [
        "playwright"
      ]
    },
    "@supabase/auth-js@2.68.0": {
      "integrity": "sha512-odG7nb7aOmZPUXk6SwL2JchSsn36Ppx11i2yWMIc/meUO2B2HK9YwZHPK06utD9Ql9ke7JKDbwGin/8prHKxxQ==",
      "dependencies": [
        "@supabase/node-fetch"
      ]
    },
    "@supabase/functions-js@2.4.4": {
      "integrity": "sha512-WL2p6r4AXNGwop7iwvul2BvOtuJ1YQy8EbOd0dhG1oN1q8el/BIRSFCFnWAMM/vJJlHWLi4ad22sKbKr9mvjoA==",
      "dependencies": [
        "@supabase/node-fetch"
      ]
    },
    "@supabase/node-fetch@2.6.15": {
      "integrity": "sha512-1ibVeYUacxWYi9i0cf5efil6adJ9WRyZBLivgjs+AUpewx1F3xPi7gLgaASI2SmIQxPoCEjAsLAzKPgMJVgOUQ==",
      "dependencies": [
        "whatwg-url"
      ]
    },
    "@supabase/postgrest-js@1.19.2": {
      "integrity": "sha512-MXRbk4wpwhWl9IN6rIY1mR8uZCCG4MZAEji942ve6nMwIqnBgBnZhZlON6zTTs6fgveMnoCILpZv1+K91jN+ow==",
      "dependencies": [
        "@supabase/node-fetch"
      ]
    },
    "@supabase/realtime-js@2.11.2": {
      "integrity": "sha512-u/XeuL2Y0QEhXSoIPZZwR6wMXgB+RQbJzG9VErA3VghVt7uRfSVsjeqd7m5GhX3JR6dM/WRmLbVR8URpDWG4+w==",
      "dependencies": [
        "@supabase/node-fetch",
        "@types/phoenix",
        "@types/ws",
        "ws"
      ]
    },
    "@supabase/storage-js@2.7.1": {
      "integrity": "sha512-asYHcyDR1fKqrMpytAS1zjyEfvxuOIp1CIXX7ji4lHHcJKqyk+sLl/Vxgm4sN6u8zvuUtae9e4kDxQP2qrwWBA==",
      "dependencies": [
        "@supabase/node-fetch"
      ]
    },
    "@tokenizer/token@0.3.0": {
      "integrity": "sha512-OvjF+z51L3ov0OyAU0duzsYuvO01PH7x4t6DJx+guahgTnBHkhJdG7soQeTSFLWN3efnHyibZ4Z8l2EuWwJN3A=="
    },
    "@types/debug@4.1.12": {
      "integrity": "sha512-vIChWdVG3LG1SMxEvI/AK+FWJthlrqlTu7fbrlywTkkaONwk/UAGaULXRlf8vkzFBLVm0zkMdCquhL5aOjhXPQ==",
      "dependencies": [
        "@types/ms"
      ]
    },
    "@types/ms@2.1.0": {
      "integrity": "sha512-GsCCIZDE/p3i96vtEqx+7dBUGXrc7zeSK3wwPHIaRThS+9OhWIXRqzs4d6k1SVU8g91DrNRWxWUGhp5KXQb2VA=="
    },
    "@types/node-fetch@2.6.12": {
      "integrity": "sha512-8nneRWKCg3rMtF69nLQJnOYUcbafYeFSjqkw3jCRLsqkWFlHaoQrr5mXmofFGOx3DKn7UfmBMyov8ySvLRVldA==",
      "dependencies": [
        "@types/node@22.12.0",
        "form-data@4.0.2"
      ]
    },
    "@types/node@18.19.78": {
      "integrity": "sha512-m1ilZCTwKLkk9rruBJXFeYN0Bc5SbjirwYX/Td3MqPfioYbgun3IvK/m8dQxMCnrPGZPg1kvXjp3SIekCN/ynw==",
      "dependencies": [
        "undici-types@5.26.5"
      ]
    },
    "@types/node@18.19.80": {
      "integrity": "sha512-kEWeMwMeIvxYkeg1gTc01awpwLbfMRZXdIhwRcakd/KlK53jmRC26LqcbIt7fnAQTu5GzlnWmzA3H6+l1u6xxQ==",
      "dependencies": [
        "undici-types@5.26.5"
      ]
    },
    "@types/node@22.12.0": {
      "integrity": "sha512-Fll2FZ1riMjNmlmJOdAyY5pUbkftXslB5DgEzlIuNaiWhXd00FhWxVC/r4yV/4wBb9JfImTu+jiSvXTkJ7F/gA==",
      "dependencies": [
        "undici-types@6.20.0"
      ]
    },
    "@types/phoenix@1.6.6": {
      "integrity": "sha512-PIzZZlEppgrpoT2QgbnDU+MMzuR6BbCjllj0bM70lWoejMeNJAxCchxnv7J3XFkI8MpygtRpzXrIlmWUBclP5A=="
    },
    "@types/retry@0.12.0": {
      "integrity": "sha512-wWKOClTTiizcZhXnPY4wikVAwmdYHp8q6DmC+EJUzAMsycb7HB32Kh9RN4+0gExjmPmZSAQjgURXIGATPegAvA=="
    },
    "@types/tough-cookie@4.0.5": {
      "integrity": "sha512-/Ad8+nIOV7Rl++6f1BdKxFSMgmoqEoYbHRpPcx3JEfv8VRsQe9Z4mCXeJBzxs7mbHY/XOZZuXlRNfhpVPbs6ZA=="
    },
    "@types/uuid@10.0.0": {
      "integrity": "sha512-7gqG38EyHgyP1S+7+xomFtL+ZNHcKv6DwNaCZmJmo1vgMugyF3TCnXVg4t1uk89mLNwnLtnY3TpOpCOyp1/xHQ=="
    },
    "@types/ws@8.5.14": {
      "integrity": "sha512-bd/YFLW+URhBzMXurx7lWByOu+xzU9+kb3RboOteXYDfW+tr+JZa99OyNmPINEGB/ahzKrEuc8rcv4gnpJmxTw==",
      "dependencies": [
        "@types/node@22.12.0"
      ]
    },
    "abort-controller@3.0.0": {
      "integrity": "sha512-h8lQ8tacZYnR3vNQTgibj+tODHI5/+l06Au2Pcriv/Gmet0eaj4TwWH41sO9wnHDiQsEj19q0drzdWdeAHtweg==",
      "dependencies": [
        "event-target-shim"
      ]
    },
    "agentkeepalive@4.6.0": {
      "integrity": "sha512-kja8j7PjmncONqaTsB8fQ+wE2mSU2DJ9D4XKoJ5PFWIdRMa6SLSN1ff4mOr4jCbfRSsxR4keIiySJU0N9T5hIQ==",
      "dependencies": [
        "humanize-ms"
      ]
    },
    "ansi-styles@4.3.0": {
      "integrity": "sha512-zbB9rCJAT1rbjiVDb2hqKFHNYLxgtk8NURxZ3IZwD3F6NtxbXZQCnnSi1Lkx+IDohdPlFp222wVALIheZJQSEg==",
      "dependencies": [
        "color-convert"
      ]
    },
    "ansi-styles@5.2.0": {
      "integrity": "sha512-Cxwpt2SfTzTtXcfOlzGEee8O+c+MmUgGrNiBcXnuWxuFJHe6a5Hz7qwhwe5OgaSYI0IJvkLqWX1ASG+cJOkEiA=="
    },
    "argparse@2.0.1": {
      "integrity": "sha512-8+9WqebbFzpX9OR+Wa6O29asIogeRMzcGtAINdpMHHyAg10f05aSFVBbcEqGf/PXw1EjAZ+q2/bEBg3DvurK3Q=="
    },
    "asynckit@0.4.0": {
      "integrity": "sha512-Oei9OH4tRh0YqU3GxhX79dM/mwVgvbZJaSNaRk+bshkj0S5cfHcgYakreBjrHwatXKbz+IoIdYLxrKim2MjW0Q=="
    },
    "axios@1.8.4": {
      "integrity": "sha512-eBSYY4Y68NNlHbHBMdeDmKNtDgXWhQsJcGqzO3iLUM0GraQFSS9cVgPX5I9b3lbdFKyYoAEGAZF1DwhTaljNAw==",
      "dependencies": [
        "follow-redirects",
        "form-data@4.0.2",
        "proxy-from-env"
      ]
    },
    "base64-js@1.5.1": {
      "integrity": "sha512-AKpaYlHn8t4SVbOHCy+b5+KKgvR4vrsD8vbvrbiQJps7fKDTkjkDry6ji0rUJjC0kzbNePLwzxq8iypo41qeWA=="
    },
    "binary-extensions@2.3.0": {
      "integrity": "sha512-Ceh+7ox5qe7LJuLHoY0feh3pHuUDHAcRUeyL2VYghZwfpkNIy/+8Ocg0a3UuSoYzavmylwuLWQOf3hl0jjMMIw=="
    },
    "buffer-equal-constant-time@1.0.1": {
      "integrity": "sha512-zRpUiDwd/xk6ADqPMATG8vc9VPrkck7T07OIx0gnjmJAnHnTVXNQG3vfvWNuiZIkwu9KrKdA1iJKfsfTVxE6NA=="
    },
    "buffer@6.0.3": {
      "integrity": "sha512-FTiCpNxtwiZZHEZbcbTIcZjERVICn9yq/pDFkTl95/AxzD1naBctN7YO68riM/gLSDY7sdrMby8hofADYuuqOA==",
      "dependencies": [
        "base64-js",
        "ieee754"
      ]
    },
    "call-bind-apply-helpers@1.0.2": {
      "integrity": "sha512-Sp1ablJ0ivDkSzjcaJdxEunN5/XvksFJ2sMBFfq6x0ryhQV/2b/KwFe21cMpmHtPOSij8K99/wSfoEuTObmuMQ==",
      "dependencies": [
        "es-errors",
        "function-bind"
      ]
    },
    "camelcase@6.3.0": {
      "integrity": "sha512-Gmy6FhYlCY7uOElZUSbxo2UCDH8owEk996gkbrpsgGtrJLM3J7jGxl9Ic7Qwwj4ivOE5AWZWRMecDdF7hqGjFA=="
    },
    "chalk@4.1.2": {
      "integrity": "sha512-oKnbhFyRIXpUuez8iBMmyEa4nbj4IOQyuhc/wy9kY7/WVPcwIO9VA668Pu8RkO7+0G76SLROeyw9CpQ061i4mA==",
      "dependencies": [
        "ansi-styles@4.3.0",
        "supports-color"
      ]
    },
    "color-convert@2.0.1": {
      "integrity": "sha512-RRECPsj7iu/xb5oKYcsFHSppFNnsj/52OVTRKb4zP5onXwVF3zVmmToNcOfGC+CRDpfK/U584fMg38ZHCaElKQ==",
      "dependencies": [
        "color-name"
      ]
    },
    "color-name@1.1.4": {
      "integrity": "sha512-dOy+3AuW3a2wNbZHIuMZpTcgjGuLU/uBL/ubcZF9OXbDo8ff4O8yVp5Bf0efS8uEoYo5q4Fx7dY9OgQGXgAsQA=="
    },
    "combined-stream@1.0.8": {
      "integrity": "sha512-FQN4MRfuJeHf7cBbBMJFXhKSDq+2kAArBlmRBvcvFE5BB1HZKXtSFASDhdlz9zOYwxh8lDdnvmMOe/+5cdoEdg==",
      "dependencies": [
        "delayed-stream"
      ]
    },
    "console-table-printer@2.12.1": {
      "integrity": "sha512-wKGOQRRvdnd89pCeH96e2Fn4wkbenSP6LMHfjfyNLMbGuHEFbMqQNuxXqd0oXG9caIOQ1FTvc5Uijp9/4jujnQ==",
      "dependencies": [
        "simple-wcswidth"
      ]
    },
    "debug@3.2.7": {
      "integrity": "sha512-CFjzYYAi4ThfiQvizrFQevTTXHtnCqWfe7x1AhgEscTz6ZbLbfoLRLPugTQyBth6f8ZERVUSyWHFD/7Wu4t1XQ==",
      "dependencies": [
        "ms"
      ]
    },
    "debug@4.4.0": {
      "integrity": "sha512-6WTZ/IxCY/T6BALoZHaE4ctp9xm+Z5kY/pzYaCHRFeyVhojxlrm+46y68HA6hr0TcwEssoxNiDEUJQjfPZ/RYA==",
      "dependencies": [
        "ms"
      ]
    },
    "decamelize@1.2.0": {
      "integrity": "sha512-z2S+W9X73hAUUki+N+9Za2lBlun89zigOyGrsax+KUQ6wKW4ZoWpEYBkGhQjwAjjDCkWxhY0VKEhk8wzY7F5cA=="
    },
    "deepmerge@4.3.1": {
      "integrity": "sha512-3sUqbMEc77XqpdNO7FRyRog+eW3ph+GYCbj+rK+uYyRMuwsVy0rMiVtPn+QJlKFvWP/1PYpapqYn0Me2knFn+A=="
    },
    "delayed-stream@1.0.0": {
      "integrity": "sha512-ZySD7Nf91aLB0RxL4KGrKHBXl7Eds1DAmEdcoVawXnLD7SDhpNgtuII2aAkg7a7QS41jxPSZ17p4VdGnMHk3MQ=="
    },
    "dotenv@16.4.7": {
      "integrity": "sha512-47qPchRCykZC03FhkYAhrvwU4xDBFIj1QPqaarj6mdM/hgUzfPHcpkHJOn3mJAufFeeAxAzeGsr5X0M4k6fLZQ=="
    },
    "dunder-proto@1.0.1": {
      "integrity": "sha512-KIN/nDJBQRcXw0MLVhZE9iQHmG68qAVIBg9CqmUYjmQIhgij9U5MFvrqkUL5FbtyyzZuOeOt0zdeRe4UY7ct+A==",
      "dependencies": [
        "call-bind-apply-helpers",
        "es-errors",
        "gopd"
      ]
    },
    "ecdsa-sig-formatter@1.0.11": {
      "integrity": "sha512-nagl3RYrbNv6kQkeJIpt6NJZy8twLB/2vtz6yN9Z4vRKHN4/QZJIEbqohALSgwKdnksuY3k5Addp5lg8sVoVcQ==",
      "dependencies": [
        "safe-buffer"
      ]
    },
    "es-define-property@1.0.1": {
      "integrity": "sha512-e3nRfgfUZ4rNGL232gUgX06QNyyez04KdjFrF+LTRoOXmrOgFKDg4BCdsjW8EnT69eqdYGmRpJwiPVYNrCaW3g=="
    },
    "es-errors@1.3.0": {
      "integrity": "sha512-Zf5H2Kxt2xjTvbJvP2ZWLEICxA6j+hAmMzIlypy4xcBg1vKVnx89Wy0GbS+kf5cwCVFFzdCFh2XSCFNULS6csw=="
    },
    "es-object-atoms@1.1.1": {
      "integrity": "sha512-FGgH2h8zKNim9ljj7dankFPcICIK9Cp5bm+c2gQSYePhpaG5+esrLODihIorn+Pe6FGJzWhXQotPv73jTaldXA==",
      "dependencies": [
        "es-errors"
      ]
    },
    "es-set-tostringtag@2.1.0": {
      "integrity": "sha512-j6vWzfrGVfyXxge+O0x5sh6cvxAog0a/4Rdd2K36zCMV5eJ+/+tOAngRO8cODMNWbVRdVlmGZQL2YS3yR8bIUA==",
      "dependencies": [
        "es-errors",
        "get-intrinsic",
        "has-tostringtag",
        "hasown"
      ]
    },
    "event-target-shim@5.0.1": {
      "integrity": "sha512-i/2XbnSz/uxRCU6+NdVJgKWDTM427+MqYbkQzD321DuCQJUqOuJKIA0IM2+W2xtYHdKOmZ4dR6fExsd4SXL+WQ=="
    },
    "eventemitter3@4.0.7": {
      "integrity": "sha512-8guHBZCwKnFhYdHr2ysuRWErTwhoN2X8XELRlrRwpmfeY2jjuUN4taQMsULKUVo1K4DvZl+0pgfyoysHxvmvEw=="
    },
    "events@3.3.0": {
      "integrity": "sha512-mQw+2fkQbALzQ7V0MY0IqdnXNOeTtP4r0lN9z7AAawCXgqea7bDii20AYrIBrFd/Hx0M2Ocz6S111CaFkUcb0Q=="
    },
    "expr-eval@2.0.2": {
      "integrity": "sha512-4EMSHGOPSwAfBiibw3ndnP0AvjDWLsMvGOvWEZ2F96IGk0bIVdjQisOHxReSkE13mHcfbuCiXw+G4y0zv6N8Eg=="
    },
    "extend@3.0.2": {
      "integrity": "sha512-fjquC59cD7CyW6urNXK0FBufkZcoiGG80wTuPujX590cB5Ttln20E2UB4S/WARVqhXffZl2LNgS+gQdPIIim/g=="
    },
    "file-type@16.5.4": {
      "integrity": "sha512-/yFHK0aGjFEgDJjEKP0pWCplsPFPhwyfwevf/pVxiN0tmE4L9LmwWxWukdJSHdoCli4VgQLehjJtwQBnqmsKcw==",
      "dependencies": [
        "readable-web-to-node-stream",
        "strtok3",
        "token-types"
      ]
    },
    "flat@5.0.2": {
      "integrity": "sha512-b6suED+5/3rTpUBdG1gupIl8MPFCAMA0QXwmljLhvCUKcUvdE4gWky9zpuGCcXHOsz4J9wPGNWq6OKpmIzz3hQ=="
    },
    "follow-redirects@1.15.9": {
      "integrity": "sha512-gew4GsXizNgdoRyqmyfMHyAmXsZDk6mHkSxZFCzW9gwlbtOW44CDtYavM+y+72qD/Vq2l550kMF52DT8fOLJqQ=="
    },
    "form-data-encoder@1.7.2": {
      "integrity": "sha512-qfqtYan3rxrnCk1VYaA4H+Ms9xdpPqvLZa6xmMgFvhO32x7/3J/ExcTd6qpxM0vH2GdMI+poehyBZvqfMTto8A=="
    },
    "form-data@4.0.0": {
      "integrity": "sha512-ETEklSGi5t0QMZuiXoA/Q6vcnxcLQP5vdugSpuAyi6SVGi2clPPp+xgEhuMaHC+zGgn31Kd235W35f7Hykkaww==",
      "dependencies": [
        "asynckit",
        "combined-stream",
        "mime-types"
      ]
    },
    "form-data@4.0.2": {
      "integrity": "sha512-hGfm/slu0ZabnNt4oaRZ6uREyfCj6P4fT/n6A1rGV+Z0VdGXjfOhVUpkn6qVQONHGIFwmveGXyDs75+nr6FM8w==",
      "dependencies": [
        "asynckit",
        "combined-stream",
        "es-set-tostringtag",
        "mime-types"
      ]
    },
    "formdata-node@4.4.1": {
      "integrity": "sha512-0iirZp3uVDjVGt9p49aTaqjk84TrglENEDuqfdlZQ1roC9CWlPk6Avf8EEnZNcAqPonwkG35x4n3ww/1THYAeQ==",
      "dependencies": [
        "node-domexception",
        "web-streams-polyfill"
      ]
    },
    "fsevents@2.3.2": {
      "integrity": "sha512-xiqMQR4xAeHTuB9uWm+fFRcIOgKBMiOBP+eXiyT7jsgVCq1bkVygt00oASowB7EdtpOHaaPgKt812P9ab+DDKA=="
    },
    "function-bind@1.1.2": {
      "integrity": "sha512-7XHNxH7qX9xG5mIwxkhumTox/MIRNcOgDrxWsMt2pAr23WHp6MrRlN7FBSFpCpr+oVO0F744iUgR82nJMfG2SA=="
    },
    "get-intrinsic@1.3.0": {
      "integrity": "sha512-9fSjSaos/fRIVIp+xSJlE6lfwhES7LNtKaCBIamHsjr2na1BiABJPo0mOjjz8GJDURarmCPGqaiVg5mfjb98CQ==",
      "dependencies": [
        "call-bind-apply-helpers",
        "es-define-property",
        "es-errors",
        "es-object-atoms",
        "function-bind",
        "get-proto",
        "gopd",
        "has-symbols",
        "hasown",
        "math-intrinsics"
      ]
    },
    "get-proto@1.0.1": {
      "integrity": "sha512-sTSfBjoXBp89JvIKIefqw7U2CCebsc74kiY6awiGogKtoSGbgjYE/G/+l9sF3MWFPNc9IcoOC4ODfKHfxFmp0g==",
      "dependencies": [
        "dunder-proto",
        "es-object-atoms"
      ]
    },
    "gopd@1.2.0": {
      "integrity": "sha512-ZUKRh6/kUFoAiTAtTYPZJ3hw9wNxx+BIBOijnlG9PnrJsCcSjs1wyyD6vJpaYtgnzDrKYRSqf3OO6Rfa93xsRg=="
    },
    "has-flag@4.0.0": {
      "integrity": "sha512-EykJT/Q1KjTWctppgIAgfSO0tKVuZUjhgMr17kqTumMl6Afv3EISleU7qZUzoXDFTAHTDC4NOoG/ZxU3EvlMPQ=="
    },
    "has-symbols@1.1.0": {
      "integrity": "sha512-1cDNdwJ2Jaohmb3sg4OmKaMBwuC48sYni5HUw2DvsC8LjGTLK9h+eb1X6RyuOHe4hT0ULCW68iomhjUoKUqlPQ=="
    },
    "has-tostringtag@1.0.2": {
      "integrity": "sha512-NqADB8VjPFLM2V0VvHUewwwsw0ZWBaIdgo+ieHtK3hasLz4qeCRjYcqfB6AQrBggRKppKF8L52/VqdVsO47Dlw==",
      "dependencies": [
        "has-symbols"
      ]
    },
    "hasown@2.0.2": {
      "integrity": "sha512-0hJU9SCPvmMzIBdZFqNPXWa6dqh7WdH0cII9y+CyS8rG3nL48Bclra9HmKhVVUHyPWNH5Y7xDwAB7bfgSjkUMQ==",
      "dependencies": [
        "function-bind"
      ]
    },
    "humanize-ms@1.2.1": {
      "integrity": "sha512-Fl70vYtsAFb/C06PTS9dZBo7ihau+Tu/DNCk/OyHhea07S+aeMWpFFkUaXRa8fI+ScZbEI8dfSxwY7gxZ9SAVQ==",
      "dependencies": [
        "ms"
      ]
    },
    "ibm-cloud-sdk-core@5.3.2_axios@1.8.4": {
      "integrity": "sha512-YhtS+7hGNO61h/4jNShHxbbuJ1TnDqiFKQzfEaqePnonOvv8NnxWxOk92FlKKCCzZNOT34Gnd7WCLVJTntwEFQ==",
      "dependencies": [
        "@types/debug",
        "@types/node@18.19.80",
        "@types/tough-cookie",
        "axios",
        "camelcase",
        "debug@4.4.0",
        "dotenv",
        "extend",
        "file-type",
        "form-data@4.0.0",
        "isstream",
        "jsonwebtoken",
        "mime-types",
        "retry-axios",
        "tough-cookie"
      ]
    },
    "ieee754@1.2.1": {
      "integrity": "sha512-dcyqhDvX1C46lXZcVqCpK+FtMRQVdIMN6/Df5js2zouUsqG7I6sFxitIC+7KYK29KdXOLHdu9zL4sFnoVQnqaA=="
    },
    "isstream@0.1.2": {
      "integrity": "sha512-Yljz7ffyPbrLpLngrMtZ7NduUgVvi6wG9RJ9IUcyCd59YQ911PBJphODUcbOVbqYfxe1wuYf/LJ8PauMRwsM/g=="
    },
    "js-tiktoken@1.0.19": {
      "integrity": "sha512-XC63YQeEcS47Y53gg950xiZ4IWmkfMe4p2V9OSaBt26q+p47WHn18izuXzSclCI73B7yGqtfRsT6jcZQI0y08g==",
      "dependencies": [
        "base64-js"
      ]
    },
    "js-yaml@4.1.0": {
      "integrity": "sha512-wpxZs9NoxZaJESJGIZTyDEaYpl0FKSA+FB9aJiyemKhMwkxQg63h4T1KJgUGHpTqPDNRcmmYLugrRjJlBtWvRA==",
      "dependencies": [
        "argparse"
      ]
    },
    "jsonpointer@5.0.1": {
      "integrity": "sha512-p/nXbhSEcu3pZRdkW1OfJhpsVtW1gd4Wa1fnQc9YLiTfAjn0312eMKimbdIQzuZl9aa9xUGaRlP9T/CJE/ditQ=="
    },
    "jsonwebtoken@9.0.2": {
      "integrity": "sha512-PRp66vJ865SSqOlgqS8hujT5U4AOgMfhrwYIuIhfKaoSCZcirrmASQr8CX7cUg+RMih+hgznrjp99o+W4pJLHQ==",
      "dependencies": [
        "jws",
        "lodash.includes",
        "lodash.isboolean",
        "lodash.isinteger",
        "lodash.isnumber",
        "lodash.isplainobject",
        "lodash.isstring",
        "lodash.once",
        "ms",
        "semver"
      ]
    },
    "jwa@1.4.1": {
      "integrity": "sha512-qiLX/xhEEFKUAJ6FiBMbes3w9ATzyk5W7Hvzpa/SLYdxNtng+gcurvrI7TbACjIXlsJyr05/S1oUhZrc63evQA==",
      "dependencies": [
        "buffer-equal-constant-time",
        "ecdsa-sig-formatter",
        "safe-buffer"
      ]
    },
    "jws@3.2.2": {
      "integrity": "sha512-YHlZCB6lMTllWDtSPHz/ZXTsi8S00usEV6v1tjq8tOUZzw7DpSDWVXjXDre6ed1w/pd495ODpHZYSdkRTsa0HA==",
      "dependencies": [
        "jwa",
        "safe-buffer"
      ]
    },
    "langchain@0.3.19_@langchain+core@0.3.42__openai@4.87.3___zod@3.24.2__zod@3.24.2__openai@4.87.3___zod@3.24.2___ws@8.18.1_openai@4.87.3__zod@3.24.2__ws@8.18.1_zod@3.24.2": {
      "integrity": "sha512-aGhoTvTBS5ulatA67RHbJ4bcV5zcYRYdm5IH+hpX99RYSFXG24XF3ghSjhYi6sxW+SUnEQ99fJhA5kroVpKNhw==",
      "dependencies": [
        "@langchain/core@0.3.42_openai@4.87.3__zod@3.24.2_zod@3.24.2_openai@4.87.3__zod@3.24.2__ws@8.18.1",
        "@langchain/openai@0.4.5_@langchain+core@0.3.42__openai@4.87.3___zod@3.24.2__zod@3.24.2__openai@4.87.3___zod@3.24.2___ws@8.18.1_zod@3.24.2_openai@4.87.3__zod@3.24.2",
        "@langchain/textsplitters@0.1.0_@langchain+core@0.3.42__openai@4.87.3___zod@3.24.2__zod@3.24.2__openai@4.87.3___zod@3.24.2___ws@8.18.1_openai@4.87.3__zod@3.24.2__ws@8.18.1",
        "js-tiktoken",
        "js-yaml",
        "jsonpointer",
        "langsmith@0.3.14_openai@4.87.3__zod@3.24.2__ws@8.18.1_zod@3.24.2",
        "openapi-types",
        "p-retry",
        "uuid",
        "yaml",
        "zod",
        "zod-to-json-schema"
      ]
    },
    "langchain@0.3.19_@langchain+core@0.3.42__openai@4.87.3___zod@3.24.2__zod@3.24.2_openai@4.87.3__zod@3.24.2_zod@3.24.2": {
      "integrity": "sha512-aGhoTvTBS5ulatA67RHbJ4bcV5zcYRYdm5IH+hpX99RYSFXG24XF3ghSjhYi6sxW+SUnEQ99fJhA5kroVpKNhw==",
      "dependencies": [
        "@langchain/core@0.3.42_openai@4.87.3__zod@3.24.2_zod@3.24.2",
        "@langchain/openai@0.4.5_@langchain+core@0.3.42__openai@4.87.3___zod@3.24.2__zod@3.24.2_zod@3.24.2_openai@4.87.3__zod@3.24.2",
        "@langchain/textsplitters@0.1.0_@langchain+core@0.3.42__openai@4.87.3___zod@3.24.2__zod@3.24.2_openai@4.87.3__zod@3.24.2",
        "js-tiktoken",
        "js-yaml",
        "jsonpointer",
        "langsmith@0.3.14_openai@4.87.3__zod@3.24.2_zod@3.24.2",
        "openapi-types",
        "p-retry",
        "uuid",
        "yaml",
        "zod",
        "zod-to-json-schema"
      ]
    },
    "langchain@0.3.19_@langchain+core@0.3.42__zod@3.24.2_zod@3.24.2": {
      "integrity": "sha512-aGhoTvTBS5ulatA67RHbJ4bcV5zcYRYdm5IH+hpX99RYSFXG24XF3ghSjhYi6sxW+SUnEQ99fJhA5kroVpKNhw==",
      "dependencies": [
        "@langchain/core@0.3.42_zod@3.24.2",
        "@langchain/openai@0.4.5_@langchain+core@0.3.42__zod@3.24.2_zod@3.24.2_openai@4.87.3__zod@3.24.2",
        "@langchain/textsplitters@0.1.0_@langchain+core@0.3.42__zod@3.24.2",
        "js-tiktoken",
        "js-yaml",
        "jsonpointer",
        "langsmith@0.3.14_openai@4.87.3__zod@3.24.2_zod@3.24.2",
        "openapi-types",
        "p-retry",
        "uuid",
        "yaml",
        "zod",
        "zod-to-json-schema"
      ]
    },
    "langsmith@0.3.14_openai@4.87.3__zod@3.24.2__ws@8.18.1_zod@3.24.2": {
      "integrity": "sha512-MzoxdRkFFV/6140vpP5V2e2fkTG6x/0zIjw77bsRwAXEMjPRTUyDazfXeSyrS5uJvbLgxAXc+MF1h6vPWe6SXQ==",
      "dependencies": [
        "@types/uuid",
        "chalk",
        "console-table-printer",
        "openai@4.87.3_zod@3.24.2",
        "p-queue",
        "p-retry",
        "semver",
        "uuid"
      ]
    },
    "langsmith@0.3.14_openai@4.87.3__zod@3.24.2_zod@3.24.2": {
      "integrity": "sha512-MzoxdRkFFV/6140vpP5V2e2fkTG6x/0zIjw77bsRwAXEMjPRTUyDazfXeSyrS5uJvbLgxAXc+MF1h6vPWe6SXQ==",
      "dependencies": [
        "@types/uuid",
        "chalk",
        "console-table-printer",
        "openai@4.87.3_zod@3.24.2",
        "p-queue",
        "p-retry",
        "semver",
        "uuid"
      ]
    },
    "langsmith@0.3.14_openai@4.87.3__zod@3.24.2_zod@3.24.2_openai@4.87.3__zod@3.24.2__ws@8.18.1": {
      "integrity": "sha512-MzoxdRkFFV/6140vpP5V2e2fkTG6x/0zIjw77bsRwAXEMjPRTUyDazfXeSyrS5uJvbLgxAXc+MF1h6vPWe6SXQ==",
      "dependencies": [
        "@types/uuid",
        "chalk",
        "console-table-printer",
        "openai@4.87.3_zod@3.24.2_ws@8.18.1",
        "p-queue",
        "p-retry",
        "semver",
        "uuid"
      ]
    },
    "lodash.includes@4.3.0": {
      "integrity": "sha512-W3Bx6mdkRTGtlJISOvVD/lbqjTlPPUDTMnlXZFnVwi9NKJ6tiAk6LVdlhZMm17VZisqhKcgzpO5Wz91PCt5b0w=="
    },
    "lodash.isboolean@3.0.3": {
      "integrity": "sha512-Bz5mupy2SVbPHURB98VAcw+aHh4vRV5IPNhILUCsOzRmsTmSQ17jIuqopAentWoehktxGd9e/hbIXq980/1QJg=="
    },
    "lodash.isinteger@4.0.4": {
      "integrity": "sha512-DBwtEWN2caHQ9/imiNeEA5ys1JoRtRfY3d7V9wkqtbycnAmTvRRmbHKDV4a0EYc678/dia0jrte4tjYwVBaZUA=="
    },
    "lodash.isnumber@3.0.3": {
      "integrity": "sha512-QYqzpfwO3/CWf3XP+Z+tkQsfaLL/EnUlXWVkIk5FUPc4sBdTehEqZONuyRt2P67PXAk+NXmTBcc97zw9t1FQrw=="
    },
    "lodash.isplainobject@4.0.6": {
      "integrity": "sha512-oSXzaWypCMHkPC3NvBEaPHf0KsA5mvPrOPgQWDsbg8n7orZ290M0BmC/jgRZ4vcJ6DTAhjrsSYgdsW/F+MFOBA=="
    },
    "lodash.isstring@4.0.1": {
      "integrity": "sha512-0wJxfxH1wgO3GrbuP+dTTk7op+6L41QCXbGINEmD+ny/G/eCqGzxyCsh7159S+mgDDcoarnBw6PC1PS5+wUGgw=="
    },
    "lodash.once@4.1.1": {
      "integrity": "sha512-Sb487aTOCr9drQVL8pIxOzVhafOjZN9UU54hiN8PU3uAiSV7lx1yYNpbNmex2PK6dSJoNTSJUUswT651yww3Mg=="
    },
    "math-intrinsics@1.1.0": {
      "integrity": "sha512-/IXtbwEk5HTPyEwyKX6hGkYXxM9nbj64B+ilVJnC/R6B0pH5G4V3b0pVbL7DBj4tkhBAppbQUlf6F6Xl9LHu1g=="
    },
    "mime-db@1.52.0": {
      "integrity": "sha512-sPU4uV7dYlvtWJxwwxHD0PuihVNiE7TyAbQ5SWxDCB9mUYvOgroQOwYQQOKPJ8CIbE+1ETVlOoK1UC2nU3gYvg=="
    },
    "mime-types@2.1.35": {
      "integrity": "sha512-ZDY+bPm5zTTF+YpCrAU9nK0UgICYPT0QtT1NZWFv4s++TNkcgVaT0g6+4R2uI4MjQjzysHB1zxuWL50hzaeXiw==",
      "dependencies": [
        "mime-db"
      ]
    },
    "ms@2.1.3": {
      "integrity": "sha512-6FlzubTLZG3J2a/NVCAleEhjzq5oxgHyaCU9yYXvcLsvoVaHJq/s5xXI6/XXP6tz7R9xAOtHnSO/tXtF3WRTlA=="
    },
    "mustache@4.2.0": {
      "integrity": "sha512-71ippSywq5Yb7/tVYyGbkBggbU8H3u5Rz56fH60jGFgr8uHwxs+aSKeqmluIVzM0m0kB7xQjKS6qPfd0b2ZoqQ=="
    },
    "node-domexception@1.0.0": {
      "integrity": "sha512-/jKZoMpw0F8GRwl4/eLROPA3cfcXtLApP0QzLmUT/HuPCZWyB7IY9ZrMeKw2O/nFIqPQB3PVM9aYm0F312AXDQ=="
    },
    "node-ensure@0.0.0": {
      "integrity": "sha512-DRI60hzo2oKN1ma0ckc6nQWlHU69RH6xN0sjQTjMpChPfTYvKZdcQFfdYK2RWbJcKyUizSIy/l8OTGxMAM1QDw=="
    },
    "node-fetch@2.7.0": {
      "integrity": "sha512-c4FRfUm/dbcWZ7U+1Wq0AwCyFL+3nt2bEw05wfxSz+DWpWsitgmSgYmy2dQdWyKC1694ELPqMs/YzUSNozLt8A==",
      "dependencies": [
        "whatwg-url"
      ]
    },
    "openai@4.87.3_zod@3.24.2": {
      "integrity": "sha512-d2D54fzMuBYTxMW8wcNmhT1rYKcTfMJ8t+4KjH2KtvYenygITiGBgHoIrzHwnDQWW+C5oCA+ikIR2jgPCFqcKQ==",
      "dependencies": [
        "@types/node@18.19.78",
        "@types/node-fetch",
        "abort-controller",
        "agentkeepalive",
        "form-data-encoder",
        "formdata-node",
        "node-fetch",
        "zod"
      ]
    },
    "openai@4.87.3_zod@3.24.2_ws@8.18.1": {
      "integrity": "sha512-d2D54fzMuBYTxMW8wcNmhT1rYKcTfMJ8t+4KjH2KtvYenygITiGBgHoIrzHwnDQWW+C5oCA+ikIR2jgPCFqcKQ==",
      "dependencies": [
        "@types/node@18.19.78",
        "@types/node-fetch",
        "abort-controller",
        "agentkeepalive",
        "form-data-encoder",
        "formdata-node",
        "node-fetch",
        "ws",
        "zod"
      ]
    },
    "openapi-types@12.1.3": {
      "integrity": "sha512-N4YtSYJqghVu4iek2ZUvcN/0aqH1kRDuNqzcycDxhOUpg7GdvLa2F3DgS6yBNhInhv2r/6I0Flkn7CqL8+nIcw=="
    },
    "p-finally@1.0.0": {
      "integrity": "sha512-LICb2p9CB7FS+0eR1oqWnHhp0FljGLZCWBE9aix0Uye9W8LTQPwMTYVGWQWIw9RdQiDg4+epXQODwIYJtSJaow=="
    },
    "p-queue@6.6.2": {
      "integrity": "sha512-RwFpb72c/BhQLEXIZ5K2e+AhgNVmIejGlTgiB9MzZ0e93GRvqZ7uSi0dvRF7/XIXDeNkra2fNHBxTyPDGySpjQ==",
      "dependencies": [
        "eventemitter3",
        "p-timeout"
      ]
    },
    "p-retry@4.6.2": {
      "integrity": "sha512-312Id396EbJdvRONlngUx0NydfrIQ5lsYu0znKVUzVvArzEIt08V1qhtyESbGVd1FGX7UKtiFp5uwKZdM8wIuQ==",
      "dependencies": [
        "@types/retry",
        "retry"
      ]
    },
    "p-timeout@3.2.0": {
      "integrity": "sha512-rhIwUycgwwKcP9yTOOFK/AKsAopjjCakVqLHePO3CC6Mir1Z99xT+R63jZxAT5lFZLa2inS5h+ZS2GvR99/FBg==",
      "dependencies": [
        "p-finally"
      ]
    },
    "pdf-parse@1.1.1": {
      "integrity": "sha512-v6ZJ/efsBpGrGGknjtq9J/oC8tZWq0KWL5vQrk2GlzLEQPUDB1ex+13Rmidl1neNN358Jn9EHZw5y07FFtaC7A==",
      "dependencies": [
        "debug@3.2.7",
        "node-ensure"
      ]
    },
    "peek-readable@4.1.0": {
      "integrity": "sha512-ZI3LnwUv5nOGbQzD9c2iDG6toheuXSZP5esSHBjopsXH4dg19soufvpUGA3uohi5anFtGb2lhAVdHzH6R/Evvg=="
    },
    "playwright-core@1.51.1": {
      "integrity": "sha512-/crRMj8+j/Nq5s8QcvegseuyeZPxpQCZb6HNk3Sos3BlZyAknRjoyJPFWkpNn8v0+P3WiwqFF8P+zQo4eqiNuw=="
    },
    "playwright@1.51.1": {
      "integrity": "sha512-kkx+MB2KQRkyxjYPc3a0wLZZoDczmppyGJIvQ43l+aZihkaVvmu/21kiyaHeHjiFxjxNNFnUncKmcGIyOojsaw==",
      "dependencies": [
        "fsevents",
        "playwright-core"
      ]
    },
    "process@0.11.10": {
      "integrity": "sha512-cdGef/drWFoydD1JsMzuFf8100nZl+GT+yacc2bEced5f9Rjk4z+WtFUTBu9PhOi9j/jfmBPu0mMEY4wIdAF8A=="
    },
    "proxy-from-env@1.1.0": {
      "integrity": "sha512-D+zkORCbA9f1tdWRK0RaCR3GPv50cMxcrz4X8k5LTSUD1Dkw47mKJEZQNunItRTkWwgtaUSo1RVFRIG9ZXiFYg=="
    },
    "psl@1.15.0": {
      "integrity": "sha512-JZd3gMVBAVQkSs6HdNZo9Sdo0LNcQeMNP3CozBJb3JYC/QUYZTnKxP+f8oWRX4rHP5EurWxqAHTSwUCjlNKa1w==",
      "dependencies": [
        "punycode"
      ]
    },
    "punycode@2.3.1": {
      "integrity": "sha512-vYt7UD1U9Wg6138shLtLOvdAu+8DsC/ilFtEVHcH+wydcSpNE20AfSOduf6MkRFahL5FY7X1oU7nKVZFtfq8Fg=="
    },
    "querystringify@2.2.0": {
      "integrity": "sha512-FIqgj2EUvTa7R50u0rGsyTftzjYmv/a3hO345bZNrqabNqjtgiDMgmo4mkUjd+nzU5oF3dClKqFIPUKybUyqoQ=="
    },
    "readable-stream@4.7.0": {
      "integrity": "sha512-oIGGmcpTLwPga8Bn6/Z75SVaH1z5dUut2ibSyAMVhmUggWpmDn2dapB0n7f8nwaSiRtepAsfJyfXIO5DCVAODg==",
      "dependencies": [
        "abort-controller",
        "buffer",
        "events",
        "process",
        "string_decoder"
      ]
    },
    "readable-web-to-node-stream@3.0.4": {
      "integrity": "sha512-9nX56alTf5bwXQ3ZDipHJhusu9NTQJ/CVPtb/XHAJCXihZeitfJvIRS4GqQ/mfIoOE3IelHMrpayVrosdHBuLw==",
      "dependencies": [
        "readable-stream"
      ]
    },
    "requires-port@1.0.0": {
      "integrity": "sha512-KigOCHcocU3XODJxsu8i/j8T9tzT4adHiecwORRQ0ZZFcp7ahwXuRU1m+yuO90C5ZUyGeGfocHDI14M3L3yDAQ=="
    },
    "retry-axios@2.6.0_axios@1.8.4": {
      "integrity": "sha512-pOLi+Gdll3JekwuFjXO3fTq+L9lzMQGcSq7M5gIjExcl3Gu1hd4XXuf5o3+LuSBsaULQH7DiNbsqPd1chVpQGQ==",
      "dependencies": [
        "axios"
      ]
    },
    "retry@0.13.1": {
      "integrity": "sha512-XQBQ3I8W1Cge0Seh+6gjj03LbmRFWuoszgK9ooCpwYIrhhoO80pfq4cUkU5DkknwfOfFteRwlZ56PYOGYyFWdg=="
    },
    "safe-buffer@5.2.1": {
      "integrity": "sha512-rp3So07KcdmmKbGvgaNxQSJr7bGVSVk5S9Eq1F+ppbRo70+YeaDxkw5Dd8NPN+GD6bjnYm2VuPuCXmpuYvmCXQ=="
    },
    "semver@7.7.1": {
      "integrity": "sha512-hlq8tAfn0m/61p4BVRcPzIGr6LKiMwo4VM6dGi6pt4qcRkmNzTcWq6eCEjEh+qXjkMDvPlOFFSGwQjoEa6gyMA=="
    },
    "simple-wcswidth@1.0.1": {
      "integrity": "sha512-xMO/8eNREtaROt7tJvWJqHBDTMFN4eiQ5I4JRMuilwfnFcV5W9u7RUkueNkdw0jPqGMX36iCywelS5yilTuOxg=="
    },
    "string_decoder@1.3.0": {
      "integrity": "sha512-hkRX8U1WjJFd8LsDJ2yQ/wWWxaopEsABU1XfkM8A+j0+85JAGppt16cr1Whg6KIbb4okU6Mql6BOj+uup/wKeA==",
      "dependencies": [
        "safe-buffer"
      ]
    },
    "strtok3@6.3.0": {
      "integrity": "sha512-fZtbhtvI9I48xDSywd/somNqgUHl2L2cstmXCCif0itOf96jeW18MBSyrLuNicYQVkvpOxkZtkzujiTJ9LW5Jw==",
      "dependencies": [
        "@tokenizer/token",
        "peek-readable"
      ]
    },
    "supports-color@7.2.0": {
      "integrity": "sha512-qpCAvRl9stuOHveKsn7HncJRvv501qIacKzQlO/+Lwxc9+0q2wLyv4Dfvt80/DPn2pqOBsJdDiogXGR9+OvwRw==",
      "dependencies": [
        "has-flag"
      ]
    },
    "token-types@4.2.1": {
      "integrity": "sha512-6udB24Q737UD/SDsKAHI9FCRP7Bqc9D/MQUV02ORQg5iskjtLJlZJNdN4kKtcdtwCeWIwIHDGaUsTsCCAa8sFQ==",
      "dependencies": [
        "@tokenizer/token",
        "ieee754"
      ]
    },
    "tough-cookie@4.1.4": {
      "integrity": "sha512-Loo5UUvLD9ScZ6jh8beX1T6sO1w2/MpCRpEP7V280GKMVUQ0Jzar2U3UJPsrdbziLEMMhu3Ujnq//rhiFuIeag==",
      "dependencies": [
        "psl",
        "punycode",
        "universalify",
        "url-parse"
      ]
    },
    "tr46@0.0.3": {
      "integrity": "sha512-N3WMsuqV66lT30CrXNbEjx4GEwlow3v6rr4mCcv6prnfwhS01rkgyFdjPNBYd9br7LpXV1+Emh01fHnq2Gdgrw=="
    },
    "undici-types@5.26.5": {
      "integrity": "sha512-JlCMO+ehdEIKqlFxk6IfVoAUVmgz7cU7zD/h9XZ0qzeosSHmUJVOzSQvvYSYWXkFXC+IfLKSIffhv0sVZup6pA=="
    },
    "undici-types@6.20.0": {
      "integrity": "sha512-Ny6QZ2Nju20vw1SRHe3d9jVu6gJ+4e3+MMpqu7pqE5HT6WsTSlce++GQmK5UXS8mzV8DSYHrQH+Xrf2jVcuKNg=="
    },
    "universalify@0.2.0": {
      "integrity": "sha512-CJ1QgKmNg3CwvAv/kOFmtnEN05f0D/cn9QntgNOQlQF9dgvVTHj3t+8JPdjqawCHk7V/KA+fbUqzZ9XWhcqPUg=="
    },
    "url-parse@1.5.10": {
      "integrity": "sha512-WypcfiRhfeUP9vvF0j6rw0J3hrWrw6iZv3+22h6iRMJ/8z1Tj6XfLP4DsUix5MhMPnXpiHDoKyoZ/bdCkwBCiQ==",
      "dependencies": [
        "querystringify",
        "requires-port"
      ]
    },
    "uuid@10.0.0": {
      "integrity": "sha512-8XkAphELsDnEGrDxUOHB3RGvXz6TeuYSGEZBOjtTtPm2lwhGBjLgOzLHB63IUWfBpNucQjND6d3AOudO+H3RWQ=="
    },
    "web-streams-polyfill@4.0.0-beta.3": {
      "integrity": "sha512-QW95TCTaHmsYfHDybGMwO5IJIM93I/6vTRk+daHTWFPhwh+C8Cg7j7XyKrwrj8Ib6vYXe0ocYNrmzY4xAAN6ug=="
    },
    "webidl-conversions@3.0.1": {
      "integrity": "sha512-2JAn3z8AR6rjK8Sm8orRC0h/bcl/DqL7tRPdGZ4I1CjdF+EaMLmYxBHyXuKL849eucPFhvBoxMsflfOb8kxaeQ=="
    },
    "whatwg-url@5.0.0": {
      "integrity": "sha512-saE57nupxk6v3HY35+jzBwYa0rKSy0XR8JSxZPwgLr7ys0IBzhGviA1/TUGJLmSVqs8pb9AnvICXEuOHLprYTw==",
      "dependencies": [
        "tr46",
        "webidl-conversions"
      ]
    },
    "ws@8.18.1": {
      "integrity": "sha512-RKW2aJZMXeMxVpnZ6bck+RswznaxmzdULiBr6KY7XkTnW8uvt0iT9H5DkHUChXrc+uurzwa0rVI16n/Xzjdz1w=="
    },
    "yaml@2.7.0": {
      "integrity": "sha512-+hSoy/QHluxmC9kCIJyL/uyFmLmc+e5CFR5Wa+bpIhIj85LVb9ZH2nVnqrHoSvKogwODv0ClqZkmiSSaIH5LTA=="
    },
    "zod-to-json-schema@3.24.4_zod@3.24.2": {
      "integrity": "sha512-0uNlcvgabyrni9Ag8Vghj21drk7+7tp7VTwwR7KxxXXc/3pbXz2PHlDgj3cICahgF1kHm4dExBFj7BXrZJXzig==",
      "dependencies": [
        "zod"
      ]
    },
    "zod@3.24.2": {
      "integrity": "sha512-lY7CDW43ECgW9u1TcT3IoXHflywfVqDYze4waEz812jR/bZ8FHDsl7pFQoSZTz5N+2NqRXs8GBwnAwo3ZNxqhQ=="
    }
  },
  "workspace": {
    "dependencies": [
      "jsr:@hono/hono@^4.7.2",
      "jsr:@supabase/supabase-js@^2.49.1",
      "npm:langchain@~0.3.19",
      "npm:pdf-parse@^1.1.1"
    ]
  }
}
